{
  "version": 4,
  "terraform_version": "1.12.2",
  "serial": 19,
  "lineage": "b8e897e5-e0d7-2909-dffd-7a8da9452d31",
  "outputs": {},
  "resources": [
    {
      "mode": "managed",
      "type": "local_file",
      "name": "file1",
      "provider": "provider[\"registry.terraform.io/hashicorp/local\"]",
      "instances": [
        {
          "index_key": 0,
          "schema_version": 0,
          "attributes": {
            "content": "My terraform script",
            "content_base64": null,
            "content_base64sha256": "4yE7nCw/TiyTrDHj4CwVyadNTHhrhZpdhhxlfQx/h+I=",
            "content_base64sha512": "4EL3yV75xYOs2Z/75nqem7hOtTtT/aAIOnD0m/g7voBG1WtRvCa2QPXe+xRC7XJLdgV5eCSSPOQpUIB/1gPKcA==",
            "content_md5": "f7b47c94b1a3617ecd6905ccf2396dbe",
            "content_sha1": "5b31bb209017e0d3d2aabc107d6db76456c63e7d",
            "content_sha256": "e3213b9c2c3f4e2c93ac31e3e02c15c9a74d4c786b859a5d861c657d0c7f87e2",
            "content_sha512": "e042f7c95ef9c583acd99ffbe67a9e9bb84eb53b53fda0083a70f49bf83bbe8046d56b51bc26b640f5defb1442ed724b7605797824923ce42950807fd603ca70",
            "directory_permission": "0777",
            "file_permission": "0777",
            "filename": "./tf0.sh",
            "id": "5b31bb209017e0d3d2aabc107d6db76456c63e7d",
            "sensitive_content": null,
            "source": null
          },
          "sensitive_attributes": [
            [
              {
                "type": "get_attr",
                "value": "sensitive_content"
              }
            ]
          ],
          "identity_schema_version": 0
        },
        {
          "index_key": 1,
          "schema_version": 0,
          "attributes": {
            "content": "My terraform script",
            "content_base64": null,
            "content_base64sha256": "4yE7nCw/TiyTrDHj4CwVyadNTHhrhZpdhhxlfQx/h+I=",
            "content_base64sha512": "4EL3yV75xYOs2Z/75nqem7hOtTtT/aAIOnD0m/g7voBG1WtRvCa2QPXe+xRC7XJLdgV5eCSSPOQpUIB/1gPKcA==",
            "content_md5": "f7b47c94b1a3617ecd6905ccf2396dbe",
            "content_sha1": "5b31bb209017e0d3d2aabc107d6db76456c63e7d",
            "content_sha256": "e3213b9c2c3f4e2c93ac31e3e02c15c9a74d4c786b859a5d861c657d0c7f87e2",
            "content_sha512": "e042f7c95ef9c583acd99ffbe67a9e9bb84eb53b53fda0083a70f49bf83bbe8046d56b51bc26b640f5defb1442ed724b7605797824923ce42950807fd603ca70",
            "directory_permission": "0777",
            "file_permission": "0777",
            "filename": "./tf1.sh",
            "id": "5b31bb209017e0d3d2aabc107d6db76456c63e7d",
            "sensitive_content": null,
            "source": null
          },
          "sensitive_attributes": [
            [
              {
                "type": "get_attr",
                "value": "sensitive_content"
              }
            ]
          ],
          "identity_schema_version": 0
        },
        {
          "index_key": 2,
          "schema_version": 0,
          "attributes": {
            "content": "My terraform script",
            "content_base64": null,
            "content_base64sha256": "4yE7nCw/TiyTrDHj4CwVyadNTHhrhZpdhhxlfQx/h+I=",
            "content_base64sha512": "4EL3yV75xYOs2Z/75nqem7hOtTtT/aAIOnD0m/g7voBG1WtRvCa2QPXe+xRC7XJLdgV5eCSSPOQpUIB/1gPKcA==",
            "content_md5": "f7b47c94b1a3617ecd6905ccf2396dbe",
            "content_sha1": "5b31bb209017e0d3d2aabc107d6db76456c63e7d",
            "content_sha256": "e3213b9c2c3f4e2c93ac31e3e02c15c9a74d4c786b859a5d861c657d0c7f87e2",
            "content_sha512": "e042f7c95ef9c583acd99ffbe67a9e9bb84eb53b53fda0083a70f49bf83bbe8046d56b51bc26b640f5defb1442ed724b7605797824923ce42950807fd603ca70",
            "directory_permission": "0777",
            "file_permission": "0777",
            "filename": "./tf2.sh",
            "id": "5b31bb209017e0d3d2aabc107d6db76456c63e7d",
            "sensitive_content": null,
            "source": null
          },
          "sensitive_attributes": [
            [
              {
                "type": "get_attr",
                "value": "sensitive_content"
              }
            ]
          ],
          "identity_schema_version": 0
        }
      ]
    },
    {
      "mode": "managed",
      "type": "local_sensitive_file",
      "name": "file2",
      "provider": "provider[\"registry.terraform.io/hashicorp/local\"]",
      "instances": [
        {
          "schema_version": 0,
          "attributes": {
            "content": "Terraform secrets",
            "content_base64": null,
            "content_base64sha256": "yIzJ02Nww4XUHwxs7FsfgUPTzk/POZvHIwkqCD9Xezo=",
            "content_base64sha512": "irADFVzIwE3J6L+leWhyNelLmEAXE5Rzz/tjX+MxyjSpB1JfXZ+bOYJuEr0FupWTy4EvQDSO5NBtqyfLMaDr7Q==",
            "content_md5": "584ccb3bc0202e36ab8d9495581598df",
            "content_sha1": "1200b7e0041fc29e3ddf7a2c7cd758724398cded",
            "content_sha256": "c88cc9d36370c385d41f0c6cec5b1f8143d3ce4fcf399bc723092a083f577b3a",
            "content_sha512": "8ab003155cc8c04dc9e8bfa579687235e94b984017139473cffb635fe331ca34a907525f5d9f9b39826e12bd05ba9593cb812f40348ee4d06dab27cb31a0ebed",
            "directory_permission": "0700",
            "file_permission": "0700",
            "filename": "./secret.md",
            "id": "1200b7e0041fc29e3ddf7a2c7cd758724398cded",
            "source": null
          },
          "sensitive_attributes": [
            [
              {
                "type": "get_attr",
                "value": "content"
              }
            ],
            [
              {
                "type": "get_attr",
                "value": "content_base64"
              }
            ]
          ],
          "identity_schema_version": 0
        }
      ]
    }
  ],
  "check_results": null
}
