{
  "version": 4,
  "terraform_version": "1.12.1",
  "serial": 59,
  "lineage": "bf3e4984-367e-73b2-582a-4dbd773eb658",
  "outputs": {},
  "resources": [
    {
      "mode": "managed",
      "type": "aws_vpc",
      "name": "tf_vpc",
      "provider": "provider[\"registry.terraform.io/hashicorp/aws\"]",
      "instances": [
        {
          "schema_version": 1,
          "attributes": {
            "arn": "arn:aws:ec2:us-east-2:448049810941:vpc/vpc-0dcb20183f4a1920d",
            "assign_generated_ipv6_cidr_block": false,
            "cidr_block": "11.0.0.0/16",
            "default_network_acl_id": "acl-08c33bc0ff0edeeb7",
            "default_route_table_id": "rtb-0deb0b7de52dfcb64",
            "default_security_group_id": "sg-00c6bb23bfff05326",
            "dhcp_options_id": "dopt-0f188f521c27d5164",
            "enable_dns_hostnames": true,
            "enable_dns_support": true,
            "enable_network_address_usage_metrics": false,
            "id": "vpc-0dcb20183f4a1920d",
            "instance_tenancy": "default",
            "ipv4_ipam_pool_id": null,
            "ipv4_netmask_length": null,
            "ipv6_association_id": "",
            "ipv6_cidr_block": "",
            "ipv6_cidr_block_network_border_group": "",
            "ipv6_ipam_pool_id": "",
            "ipv6_netmask_length": 0,
            "main_route_table_id": "rtb-0deb0b7de52dfcb64",
            "owner_id": "448049810941",
            "region": "us-east-2",
            "tags": {
              "Name": "Eks VPC"
            },
            "tags_all": {
              "Name": "Eks VPC"
            }
          },
          "sensitive_attributes": [],
          "identity_schema_version": 0,
          "private": "eyJzY2hlbWFfdmVyc2lvbiI6IjEifQ=="
        }
      ]
    }
  ],
  "check_results": null
}
