{
  "version": 4,
  "terraform_version": "1.12.2",
  "serial": 130,
  "lineage": "b4842d02-cbcb-8017-76fc-0a59fd38bd3e",
  "outputs": {
    "endpoint": {
      "value": "https://D5C1C3327B00C1AED21E4FF0BEAFC4B9.gr7.us-east-2.eks.amazonaws.com",
      "type": "string"
    },
    "kubeconfig-certificate-authority-data": {
      "value": "LS0tLS1CRUdJTiBDRVJUSUZJQ0FURS0tLS0tCk1JSURCVENDQWUyZ0F3SUJBZ0lJSFVoZzB6bXlvcXd3RFFZSktvWklodmNOQVFFTEJRQXdGVEVUTUJFR0ExVUUKQXhNS2EzVmlaWEp1WlhSbGN6QWVGdzB5TlRBM01qa3hNalEwTkRaYUZ3MHpOVEEzTWpjeE1qUTVORFphTUJVeApFekFSQmdOVkJBTVRDbXQxWW1WeWJtVjBaWE13Z2dFaU1BMEdDU3FHU0liM0RRRUJBUVVBQTRJQkR3QXdnZ0VLCkFvSUJBUUNxMXkya0dBdmt6VHBYa2ZxWHFpWitlcW9XZ240ZWR1SVVEQkdtUHMwYXoycTRMa1g3NVIva3gwT0QKY0lhck45WWd5UEMyeUNLRUozWjlPYWxkQk0zVlEvRXp4cHUzM3RhZk1RaENLNGx1TEV5OXFRTnAxK2RRdWhvUAp6U0ZyZGRXeFR5SG8rdjgyY0ZFeTNVRk9scExMOG03WFdBZTR3WW1QNmZMUEdnbWFvRytrZ3VBWWUrak1sYk91ClB3YytXVkd0OVp2VVRLRHYycFVxbkVuZGtoamNYeGRPVWV0Y3ZqcXNGSm83OUlqVGxqd2l6QVV5MHYrdTI0dWgKaFdZeUVaS083cWtPWXB5SFlicS9KZ2taN3BTZmh3WlRNcDdDZWh6ZG1KM1NlZ2tHRDFhdDZ6LzZva05nL0dQawpQZGJPUElkUkgxY3M0T3RTWWZmckp1WVZJV0hYQWdNQkFBR2pXVEJYTUE0R0ExVWREd0VCL3dRRUF3SUNwREFQCkJnTlZIUk1CQWY4RUJUQURBUUgvTUIwR0ExVWREZ1FXQkJTSjdHeXJGaUlmTjNSYjJFNWkvNnNEUXV5UUhUQVYKQmdOVkhSRUVEakFNZ2dwcmRXSmxjbTVsZEdWek1BMEdDU3FHU0liM0RRRUJDd1VBQTRJQkFRQVhxTkNTOWQ1VgpDbi9LYkIvMTdGZU5DNzl1Y3ZBRElWWHFxd2xTNGI0ZEpXNXNISzFiVzdaRFNSNjZhTTBub1BVS1MrbHJvTW43CkhzViszWWFocUVEemNtV1JaS1czRGMvcXVQN2UvamxBa0tyM2pFTm1oQzJpMEo5dG1HVm5VR25uMlpPOElZVksKY3FaRDVNUG14aTVEQ1RCbkF1S05aUG9leUtqa2pMUlQzZnludjBzUnRZeGsvbUI4OWFwWW9lTVNraHZ2aERnQQpQTUxtRVhndEZxS1ZsejZlSGlyUW9jVEFQUlRkYWt6OC9DWkJXTVlHcXBzSHpncFJ0QmMvYlZ5VHpMU05ZeHA0Cm44K2FianpUVGRscUVuZjM2dS9kOVJQeWMzSHhVZGFIWUJiemc5WTZ5VVFiUWZwUXFtaGt6ZTN1K1FXazNWTXcKMDlNZTczMVVwWjBrCi0tLS0tRU5EIENFUlRJRklDQVRFLS0tLS0K",
      "type": "string"
    }
  },
  "resources": [
    {
      "mode": "data",
      "type": "aws_availability_zones",
      "name": "available",
      "provider": "provider[\"registry.terraform.io/hashicorp/aws\"]",
      "instances": [
        {
          "schema_version": 0,
          "attributes": {
            "all_availability_zones": null,
            "exclude_names": null,
            "exclude_zone_ids": null,
            "filter": null,
            "group_names": [
              "us-east-2-zg-1"
            ],
            "id": "us-east-2",
            "names": [
              "us-east-2a",
              "us-east-2b",
              "us-east-2c"
            ],
            "region": "us-east-2",
            "state": "available",
            "timeouts": null,
            "zone_ids": [
              "use2-az1",
              "use2-az2",
              "use2-az3"
            ]
          },
          "sensitive_attributes": [],
          "identity_schema_version": 0
        }
      ]
    },
    {
      "mode": "managed",
      "type": "aws_eip",
      "name": "tf_eip",
      "provider": "provider[\"registry.terraform.io/hashicorp/aws\"]",
      "instances": [
        {
          "schema_version": 0,
          "attributes": {
            "address": null,
            "allocation_id": "eipalloc-031ec2e4f48b99018",
            "arn": "arn:aws:ec2:us-east-2:835606782804:elastic-ip/eipalloc-031ec2e4f48b99018",
            "associate_with_private_ip": null,
            "association_id": "eipassoc-088d1c988793bd3f2",
            "carrier_ip": "",
            "customer_owned_ip": "",
            "customer_owned_ipv4_pool": "",
            "domain": "vpc",
            "id": "eipalloc-031ec2e4f48b99018",
            "instance": "",
            "ipam_pool_id": null,
            "network_border_group": "us-east-2",
            "network_interface": "eni-00c79143948953de0",
            "private_dns": "ip-11-0-10-123.us-east-2.compute.internal",
            "private_ip": "11.0.10.123",
            "ptr_record": "",
            "public_dns": "ec2-3-18-7-188.us-east-2.compute.amazonaws.com",
            "public_ip": "3.18.7.188",
            "public_ipv4_pool": "amazon",
            "region": "us-east-2",
            "tags": {
              "Name": "tf_eip"
            },
            "tags_all": {
              "Name": "tf_eip"
            },
            "timeouts": null
          },
          "sensitive_attributes": [],
          "identity_schema_version": 0,
          "private": "eyJlMmJmYjczMC1lY2FhLTExZTYtOGY4OC0zNDM2M2JjN2M0YzAiOnsiZGVsZXRlIjoxODAwMDAwMDAwMDAsInJlYWQiOjkwMDAwMDAwMDAwMCwidXBkYXRlIjozMDAwMDAwMDAwMDB9fQ==",
          "dependencies": [
            "aws_internet_gateway.tf_igw",
            "aws_vpc.tf_vpc"
          ]
        }
      ]
    },
    {
      "mode": "managed",
      "type": "aws_eks_cluster",
      "name": "tf_eks_cluster",
      "provider": "provider[\"registry.terraform.io/hashicorp/aws\"]",
      "instances": [
        {
          "schema_version": 1,
          "attributes": {
            "access_config": [
              {
                "authentication_mode": "API",
                "bootstrap_cluster_creator_admin_permissions": true
              }
            ],
            "arn": "arn:aws:eks:us-east-2:835606782804:cluster/test_eks_cluster",
            "bootstrap_self_managed_addons": true,
            "certificate_authority": [
              {
                "data": "LS0tLS1CRUdJTiBDRVJUSUZJQ0FURS0tLS0tCk1JSURCVENDQWUyZ0F3SUJBZ0lJSFVoZzB6bXlvcXd3RFFZSktvWklodmNOQVFFTEJRQXdGVEVUTUJFR0ExVUUKQXhNS2EzVmlaWEp1WlhSbGN6QWVGdzB5TlRBM01qa3hNalEwTkRaYUZ3MHpOVEEzTWpjeE1qUTVORFphTUJVeApFekFSQmdOVkJBTVRDbXQxWW1WeWJtVjBaWE13Z2dFaU1BMEdDU3FHU0liM0RRRUJBUVVBQTRJQkR3QXdnZ0VLCkFvSUJBUUNxMXkya0dBdmt6VHBYa2ZxWHFpWitlcW9XZ240ZWR1SVVEQkdtUHMwYXoycTRMa1g3NVIva3gwT0QKY0lhck45WWd5UEMyeUNLRUozWjlPYWxkQk0zVlEvRXp4cHUzM3RhZk1RaENLNGx1TEV5OXFRTnAxK2RRdWhvUAp6U0ZyZGRXeFR5SG8rdjgyY0ZFeTNVRk9scExMOG03WFdBZTR3WW1QNmZMUEdnbWFvRytrZ3VBWWUrak1sYk91ClB3YytXVkd0OVp2VVRLRHYycFVxbkVuZGtoamNYeGRPVWV0Y3ZqcXNGSm83OUlqVGxqd2l6QVV5MHYrdTI0dWgKaFdZeUVaS083cWtPWXB5SFlicS9KZ2taN3BTZmh3WlRNcDdDZWh6ZG1KM1NlZ2tHRDFhdDZ6LzZva05nL0dQawpQZGJPUElkUkgxY3M0T3RTWWZmckp1WVZJV0hYQWdNQkFBR2pXVEJYTUE0R0ExVWREd0VCL3dRRUF3SUNwREFQCkJnTlZIUk1CQWY4RUJUQURBUUgvTUIwR0ExVWREZ1FXQkJTSjdHeXJGaUlmTjNSYjJFNWkvNnNEUXV5UUhUQVYKQmdOVkhSRUVEakFNZ2dwcmRXSmxjbTVsZEdWek1BMEdDU3FHU0liM0RRRUJDd1VBQTRJQkFRQVhxTkNTOWQ1VgpDbi9LYkIvMTdGZU5DNzl1Y3ZBRElWWHFxd2xTNGI0ZEpXNXNISzFiVzdaRFNSNjZhTTBub1BVS1MrbHJvTW43CkhzViszWWFocUVEemNtV1JaS1czRGMvcXVQN2UvamxBa0tyM2pFTm1oQzJpMEo5dG1HVm5VR25uMlpPOElZVksKY3FaRDVNUG14aTVEQ1RCbkF1S05aUG9leUtqa2pMUlQzZnludjBzUnRZeGsvbUI4OWFwWW9lTVNraHZ2aERnQQpQTUxtRVhndEZxS1ZsejZlSGlyUW9jVEFQUlRkYWt6OC9DWkJXTVlHcXBzSHpncFJ0QmMvYlZ5VHpMU05ZeHA0Cm44K2FianpUVGRscUVuZjM2dS9kOVJQeWMzSHhVZGFIWUJiemc5WTZ5VVFiUWZwUXFtaGt6ZTN1K1FXazNWTXcKMDlNZTczMVVwWjBrCi0tLS0tRU5EIENFUlRJRklDQVRFLS0tLS0K"
              }
            ],
            "cluster_id": null,
            "compute_config": [],
            "created_at": "2025-07-29T12:45:18Z",
            "enabled_cluster_log_types": [],
            "encryption_config": [],
            "endpoint": "https://D5C1C3327B00C1AED21E4FF0BEAFC4B9.gr7.us-east-2.eks.amazonaws.com",
            "force_update_version": null,
            "id": "test_eks_cluster",
            "identity": [
              {
                "oidc": [
                  {
                    "issuer": "https://oidc.eks.us-east-2.amazonaws.com/id/D5C1C3327B00C1AED21E4FF0BEAFC4B9"
                  }
                ]
              }
            ],
            "kubernetes_network_config": [
              {
                "elastic_load_balancing": [
                  {
                    "enabled": false
                  }
                ],
                "ip_family": "ipv4",
                "service_ipv4_cidr": "10.100.0.0/16",
                "service_ipv6_cidr": ""
              }
            ],
            "name": "test_eks_cluster",
            "outpost_config": [],
            "platform_version": "eks.32",
            "region": "us-east-2",
            "remote_network_config": [],
            "role_arn": "arn:aws:iam::835606782804:role/tf_eks_role",
            "status": "ACTIVE",
            "storage_config": [],
            "tags": {
              "Name": "EKS cluster"
            },
            "tags_all": {
              "Name": "EKS cluster"
            },
            "timeouts": null,
            "upgrade_policy": [
              {
                "support_type": "STANDARD"
              }
            ],
            "version": "1.31",
            "vpc_config": [
              {
                "cluster_security_group_id": "sg-00a7baba08f508ea1",
                "endpoint_private_access": true,
                "endpoint_public_access": true,
                "public_access_cidrs": [
                  "0.0.0.0/0"
                ],
                "security_group_ids": [],
                "subnet_ids": [
                  "subnet-033460b6cda80a570",
                  "subnet-0cd55cc5edb5237bf",
                  "subnet-0dba78ce546ace54e",
                  "subnet-0e25cfbdd93cd1246"
                ],
                "vpc_id": "vpc-0daec2ce3e52efb28"
              }
            ],
            "zonal_shift_config": []
          },
          "sensitive_attributes": [],
          "identity_schema_version": 0,
          "private": "eyJlMmJmYjczMC1lY2FhLTExZTYtOGY4OC0zNDM2M2JjN2M0YzAiOnsiY3JlYXRlIjoxODAwMDAwMDAwMDAwLCJkZWxldGUiOjkwMDAwMDAwMDAwMCwidXBkYXRlIjozNjAwMDAwMDAwMDAwfSwic2NoZW1hX3ZlcnNpb24iOiIxIn0=",
          "dependencies": [
            "aws_iam_role.tf_eks_role",
            "aws_iam_role_policy_attachment.tf_attach_policy",
            "aws_subnet.tf_private_subnet-1",
            "aws_subnet.tf_private_subnet-2",
            "aws_subnet.tf_public_subnet-1",
            "aws_subnet.tf_public_subnet-2",
            "aws_vpc.tf_vpc",
            "data.aws_availability_zones.available"
          ]
        }
      ]
    },
    {
      "mode": "managed",
      "type": "aws_eks_fargate_profile",
      "name": "tf_fargate_profile",
      "provider": "provider[\"registry.terraform.io/hashicorp/aws\"]",
      "instances": [
        {
          "schema_version": 0,
          "attributes": {
            "arn": "arn:aws:eks:us-east-2:835606782804:fargateprofile/test_eks_cluster/tf_fargate_profile/20cc2b20-41f2-fd36-f828-93d1de989cdd",
            "cluster_name": "test_eks_cluster",
            "fargate_profile_name": "tf_fargate_profile",
            "id": "test_eks_cluster:tf_fargate_profile",
            "pod_execution_role_arn": "arn:aws:iam::835606782804:role/tf_eks_farget_profile_role",
            "region": "us-east-2",
            "selector": [
              {
                "labels": {},
                "namespace": "default"
              },
              {
                "labels": {},
                "namespace": "kube-system"
              }
            ],
            "status": "ACTIVE",
            "subnet_ids": [
              "subnet-033460b6cda80a570",
              "subnet-0cd55cc5edb5237bf"
            ],
            "tags": {},
            "tags_all": {},
            "timeouts": null
          },
          "sensitive_attributes": [],
          "identity_schema_version": 0,
          "private": "eyJlMmJmYjczMC1lY2FhLTExZTYtOGY4OC0zNDM2M2JjN2M0YzAiOnsiY3JlYXRlIjo2MDAwMDAwMDAwMDAsImRlbGV0ZSI6NjAwMDAwMDAwMDAwfX0=",
          "dependencies": [
            "aws_eks_cluster.tf_eks_cluster",
            "aws_iam_role.tf_eks_farget_profile_role",
            "aws_iam_role.tf_eks_role",
            "aws_iam_role_policy_attachment.tf_attach_policy",
            "aws_iam_role_policy_attachment.tf_fargate_attach_policy",
            "aws_subnet.tf_private_subnet-1",
            "aws_subnet.tf_private_subnet-2",
            "aws_subnet.tf_public_subnet-1",
            "aws_subnet.tf_public_subnet-2",
            "aws_vpc.tf_vpc",
            "data.aws_availability_zones.available"
          ]
        }
      ]
    },
    {
      "mode": "managed",
      "type": "aws_iam_role",
      "name": "tf_eks_farget_profile_role",
      "provider": "provider[\"registry.terraform.io/hashicorp/aws\"]",
      "instances": [
        {
          "schema_version": 0,
          "attributes": {
            "arn": "arn:aws:iam::835606782804:role/tf_eks_farget_profile_role",
            "assume_role_policy": "{\"Statement\":[{\"Action\":\"sts:AssumeRole\",\"Effect\":\"Allow\",\"Principal\":{\"Service\":\"eks-fargate-pods.amazonaws.com\"},\"Sid\":\"\"}],\"Version\":\"2012-10-17\"}",
            "create_date": "2025-07-29T12:55:17Z",
            "description": "",
            "force_detach_policies": false,
            "id": "tf_eks_farget_profile_role",
            "inline_policy": [],
            "managed_policy_arns": [
              "arn:aws:iam::aws:policy/AmazonEKSFargatePodExecutionRolePolicy"
            ],
            "max_session_duration": 3600,
            "name": "tf_eks_farget_profile_role",
            "name_prefix": "",
            "path": "/",
            "permissions_boundary": "",
            "tags": {
              "tag-key": "tf_eks_farget_profile_role"
            },
            "tags_all": {
              "tag-key": "tf_eks_farget_profile_role"
            },
            "unique_id": "AROA4FDQLUNKMJWPYZCE2"
          },
          "sensitive_attributes": [],
          "identity_schema_version": 0,
          "identity": {
            "account_id": "835606782804",
            "name": "tf_eks_farget_profile_role"
          },
          "private": "bnVsbA=="
        }
      ]
    },
    {
      "mode": "managed",
      "type": "aws_iam_role",
      "name": "tf_eks_ng_role",
      "provider": "provider[\"registry.terraform.io/hashicorp/aws\"]",
      "instances": [
        {
          "schema_version": 0,
          "attributes": {
            "arn": "arn:aws:iam::835606782804:role/tf_eks_node_group_role",
            "assume_role_policy": "{\"Statement\":[{\"Action\":\"sts:AssumeRole\",\"Effect\":\"Allow\",\"Principal\":{\"Service\":\"ec2.amazonaws.com\"},\"Sid\":\"\"}],\"Version\":\"2012-10-17\"}",
            "create_date": "2025-07-29T08:06:30Z",
            "description": "",
            "force_detach_policies": false,
            "id": "tf_eks_node_group_role",
            "inline_policy": [],
            "managed_policy_arns": [
              "arn:aws:iam::aws:policy/AmazonEC2ContainerRegistryReadOnly",
              "arn:aws:iam::aws:policy/AmazonEKSWorkerNodePolicy",
              "arn:aws:iam::aws:policy/AmazonEKS_CNI_Policy"
            ],
            "max_session_duration": 3600,
            "name": "tf_eks_node_group_role",
            "name_prefix": "",
            "path": "/",
            "permissions_boundary": "",
            "tags": {
              "tag-key": "tf_eks_ng_role"
            },
            "tags_all": {
              "tag-key": "tf_eks_ng_role"
            },
            "unique_id": "AROA4FDQLUNKLZQ7FK6GD"
          },
          "sensitive_attributes": [],
          "identity_schema_version": 0,
          "identity": {
            "account_id": "835606782804",
            "name": "tf_eks_node_group_role"
          },
          "private": "eyJzY2hlbWFfdmVyc2lvbiI6IjAifQ=="
        }
      ]
    },
    {
      "mode": "managed",
      "type": "aws_iam_role",
      "name": "tf_eks_role",
      "provider": "provider[\"registry.terraform.io/hashicorp/aws\"]",
      "instances": [
        {
          "schema_version": 0,
          "attributes": {
            "arn": "arn:aws:iam::835606782804:role/tf_eks_role",
            "assume_role_policy": "{\"Statement\":[{\"Action\":\"sts:AssumeRole\",\"Effect\":\"Allow\",\"Principal\":{\"Service\":\"eks.amazonaws.com\"},\"Sid\":\"\"}],\"Version\":\"2012-10-17\"}",
            "create_date": "2025-07-29T12:45:12Z",
            "description": "",
            "force_detach_policies": false,
            "id": "tf_eks_role",
            "inline_policy": [],
            "managed_policy_arns": [
              "arn:aws:iam::aws:policy/AmazonEKSClusterPolicy"
            ],
            "max_session_duration": 3600,
            "name": "tf_eks_role",
            "name_prefix": "",
            "path": "/",
            "permissions_boundary": "",
            "tags": {
              "tag-key": "tf_eks_role"
            },
            "tags_all": {
              "tag-key": "tf_eks_role"
            },
            "unique_id": "AROA4FDQLUNKD4B36KRBX"
          },
          "sensitive_attributes": [],
          "identity_schema_version": 0,
          "identity": {
            "account_id": "835606782804",
            "name": "tf_eks_role"
          },
          "private": "bnVsbA=="
        }
      ]
    },
    {
      "mode": "managed",
      "type": "aws_iam_role_policy_attachment",
      "name": "tf_attach_policy",
      "provider": "provider[\"registry.terraform.io/hashicorp/aws\"]",
      "instances": [
        {
          "schema_version": 0,
          "attributes": {
            "id": "tf_eks_role/arn:aws:iam::aws:policy/AmazonEKSClusterPolicy",
            "policy_arn": "arn:aws:iam::aws:policy/AmazonEKSClusterPolicy",
            "role": "tf_eks_role"
          },
          "sensitive_attributes": [],
          "identity_schema_version": 0,
          "identity": {
            "account_id": "835606782804",
            "policy_arn": "arn:aws:iam::aws:policy/AmazonEKSClusterPolicy",
            "role": "tf_eks_role"
          },
          "private": "bnVsbA==",
          "dependencies": [
            "aws_iam_role.tf_eks_role"
          ]
        }
      ]
    },
    {
      "mode": "managed",
      "type": "aws_iam_role_policy_attachment",
      "name": "tf_fargate_attach_policy",
      "provider": "provider[\"registry.terraform.io/hashicorp/aws\"]",
      "instances": [
        {
          "schema_version": 0,
          "attributes": {
            "id": "tf_eks_farget_profile_role/arn:aws:iam::aws:policy/AmazonEKSFargatePodExecutionRolePolicy",
            "policy_arn": "arn:aws:iam::aws:policy/AmazonEKSFargatePodExecutionRolePolicy",
            "role": "tf_eks_farget_profile_role"
          },
          "sensitive_attributes": [],
          "identity_schema_version": 0,
          "identity": {
            "account_id": "835606782804",
            "policy_arn": "arn:aws:iam::aws:policy/AmazonEKSFargatePodExecutionRolePolicy",
            "role": "tf_eks_farget_profile_role"
          },
          "private": "bnVsbA==",
          "dependencies": [
            "aws_iam_role.tf_eks_farget_profile_role"
          ]
        }
      ]
    },
    {
      "mode": "managed",
      "type": "aws_internet_gateway",
      "name": "tf_igw",
      "provider": "provider[\"registry.terraform.io/hashicorp/aws\"]",
      "instances": [
        {
          "schema_version": 0,
          "attributes": {
            "arn": "arn:aws:ec2:us-east-2:835606782804:internet-gateway/igw-04264e9adfcb45489",
            "id": "igw-04264e9adfcb45489",
            "owner_id": "835606782804",
            "region": "us-east-2",
            "tags": {
              "Name": "tf_igw"
            },
            "tags_all": {
              "Name": "tf_igw"
            },
            "timeouts": null,
            "vpc_id": "vpc-0daec2ce3e52efb28"
          },
          "sensitive_attributes": [],
          "identity_schema_version": 0,
          "private": "eyJlMmJmYjczMC1lY2FhLTExZTYtOGY4OC0zNDM2M2JjN2M0YzAiOnsiY3JlYXRlIjoxMjAwMDAwMDAwMDAwLCJkZWxldGUiOjEyMDAwMDAwMDAwMDAsInVwZGF0ZSI6MTIwMDAwMDAwMDAwMH19",
          "dependencies": [
            "aws_vpc.tf_vpc"
          ]
        }
      ]
    },
    {
      "mode": "managed",
      "type": "aws_nat_gateway",
      "name": "tf_nat_gateway",
      "provider": "provider[\"registry.terraform.io/hashicorp/aws\"]",
      "instances": [
        {
          "schema_version": 0,
          "attributes": {
            "allocation_id": "eipalloc-031ec2e4f48b99018",
            "association_id": "eipassoc-088d1c988793bd3f2",
            "connectivity_type": "public",
            "id": "nat-091efc1992aacacf6",
            "network_interface_id": "eni-00c79143948953de0",
            "private_ip": "11.0.10.123",
            "public_ip": "3.18.7.188",
            "region": "us-east-2",
            "secondary_allocation_ids": [],
            "secondary_private_ip_address_count": 0,
            "secondary_private_ip_addresses": [],
            "subnet_id": "subnet-0dba78ce546ace54e",
            "tags": {
              "Name": "tf_nat_gateway"
            },
            "tags_all": {
              "Name": "tf_nat_gateway"
            },
            "timeouts": null
          },
          "sensitive_attributes": [],
          "identity_schema_version": 0,
          "private": "eyJlMmJmYjczMC1lY2FhLTExZTYtOGY4OC0zNDM2M2JjN2M0YzAiOnsiY3JlYXRlIjo2MDAwMDAwMDAwMDAsImRlbGV0ZSI6MTgwMDAwMDAwMDAwMCwidXBkYXRlIjo2MDAwMDAwMDAwMDB9fQ==",
          "dependencies": [
            "aws_eip.tf_eip",
            "aws_internet_gateway.tf_igw",
            "aws_subnet.tf_public_subnet-1",
            "aws_vpc.tf_vpc",
            "data.aws_availability_zones.available"
          ]
        }
      ]
    },
    {
      "mode": "managed",
      "type": "aws_route_table",
      "name": "tf_private_rt",
      "provider": "provider[\"registry.terraform.io/hashicorp/aws\"]",
      "instances": [
        {
          "schema_version": 0,
          "attributes": {
            "arn": "arn:aws:ec2:us-east-2:835606782804:route-table/rtb-0f03bacabfc6a227c",
            "id": "rtb-0f03bacabfc6a227c",
            "owner_id": "835606782804",
            "propagating_vgws": [],
            "region": "us-east-2",
            "route": [
              {
                "carrier_gateway_id": "",
                "cidr_block": "0.0.0.0/0",
                "core_network_arn": "",
                "destination_prefix_list_id": "",
                "egress_only_gateway_id": "",
                "gateway_id": "",
                "ipv6_cidr_block": "",
                "local_gateway_id": "",
                "nat_gateway_id": "nat-091efc1992aacacf6",
                "network_interface_id": "",
                "transit_gateway_id": "",
                "vpc_endpoint_id": "",
                "vpc_peering_connection_id": ""
              }
            ],
            "tags": {
              "Name": "tf_private_route_table"
            },
            "tags_all": {
              "Name": "tf_private_route_table"
            },
            "timeouts": null,
            "vpc_id": "vpc-0daec2ce3e52efb28"
          },
          "sensitive_attributes": [],
          "identity_schema_version": 0,
          "private": "eyJlMmJmYjczMC1lY2FhLTExZTYtOGY4OC0zNDM2M2JjN2M0YzAiOnsiY3JlYXRlIjozMDAwMDAwMDAwMDAsImRlbGV0ZSI6MzAwMDAwMDAwMDAwLCJ1cGRhdGUiOjEyMDAwMDAwMDAwMH19",
          "dependencies": [
            "aws_eip.tf_eip",
            "aws_internet_gateway.tf_igw",
            "aws_nat_gateway.tf_nat_gateway",
            "aws_subnet.tf_public_subnet-1",
            "aws_vpc.tf_vpc",
            "data.aws_availability_zones.available"
          ]
        }
      ]
    },
    {
      "mode": "managed",
      "type": "aws_route_table",
      "name": "tf_public_rt",
      "provider": "provider[\"registry.terraform.io/hashicorp/aws\"]",
      "instances": [
        {
          "schema_version": 0,
          "attributes": {
            "arn": "arn:aws:ec2:us-east-2:835606782804:route-table/rtb-021b1cc22aae0a723",
            "id": "rtb-021b1cc22aae0a723",
            "owner_id": "835606782804",
            "propagating_vgws": [],
            "region": "us-east-2",
            "route": [
              {
                "carrier_gateway_id": "",
                "cidr_block": "0.0.0.0/0",
                "core_network_arn": "",
                "destination_prefix_list_id": "",
                "egress_only_gateway_id": "",
                "gateway_id": "igw-04264e9adfcb45489",
                "ipv6_cidr_block": "",
                "local_gateway_id": "",
                "nat_gateway_id": "",
                "network_interface_id": "",
                "transit_gateway_id": "",
                "vpc_endpoint_id": "",
                "vpc_peering_connection_id": ""
              }
            ],
            "tags": {
              "Name": "tf_public_route_table"
            },
            "tags_all": {
              "Name": "tf_public_route_table"
            },
            "timeouts": null,
            "vpc_id": "vpc-0daec2ce3e52efb28"
          },
          "sensitive_attributes": [],
          "identity_schema_version": 0,
          "private": "eyJlMmJmYjczMC1lY2FhLTExZTYtOGY4OC0zNDM2M2JjN2M0YzAiOnsiY3JlYXRlIjozMDAwMDAwMDAwMDAsImRlbGV0ZSI6MzAwMDAwMDAwMDAwLCJ1cGRhdGUiOjEyMDAwMDAwMDAwMH19",
          "dependencies": [
            "aws_internet_gateway.tf_igw",
            "aws_vpc.tf_vpc"
          ]
        }
      ]
    },
    {
      "mode": "managed",
      "type": "aws_route_table_association",
      "name": "tf_private_rt_assoc_1",
      "provider": "provider[\"registry.terraform.io/hashicorp/aws\"]",
      "instances": [
        {
          "schema_version": 0,
          "attributes": {
            "gateway_id": "",
            "id": "rtbassoc-03765180638970ba3",
            "region": "us-east-2",
            "route_table_id": "rtb-0f03bacabfc6a227c",
            "subnet_id": "subnet-0cd55cc5edb5237bf",
            "timeouts": null
          },
          "sensitive_attributes": [],
          "identity_schema_version": 0,
          "private": "eyJlMmJmYjczMC1lY2FhLTExZTYtOGY4OC0zNDM2M2JjN2M0YzAiOnsiY3JlYXRlIjozMDAwMDAwMDAwMDAsImRlbGV0ZSI6MzAwMDAwMDAwMDAwLCJ1cGRhdGUiOjEyMDAwMDAwMDAwMH19",
          "dependencies": [
            "aws_eip.tf_eip",
            "aws_internet_gateway.tf_igw",
            "aws_nat_gateway.tf_nat_gateway",
            "aws_route_table.tf_private_rt",
            "aws_subnet.tf_private_subnet-1",
            "aws_subnet.tf_public_subnet-1",
            "aws_vpc.tf_vpc",
            "data.aws_availability_zones.available"
          ]
        }
      ]
    },
    {
      "mode": "managed",
      "type": "aws_route_table_association",
      "name": "tf_private_rt_assoc_2",
      "provider": "provider[\"registry.terraform.io/hashicorp/aws\"]",
      "instances": [
        {
          "schema_version": 0,
          "attributes": {
            "gateway_id": "",
            "id": "rtbassoc-0eb4c54091016aadd",
            "region": "us-east-2",
            "route_table_id": "rtb-0f03bacabfc6a227c",
            "subnet_id": "subnet-033460b6cda80a570",
            "timeouts": null
          },
          "sensitive_attributes": [],
          "identity_schema_version": 0,
          "private": "eyJlMmJmYjczMC1lY2FhLTExZTYtOGY4OC0zNDM2M2JjN2M0YzAiOnsiY3JlYXRlIjozMDAwMDAwMDAwMDAsImRlbGV0ZSI6MzAwMDAwMDAwMDAwLCJ1cGRhdGUiOjEyMDAwMDAwMDAwMH19",
          "dependencies": [
            "aws_eip.tf_eip",
            "aws_internet_gateway.tf_igw",
            "aws_nat_gateway.tf_nat_gateway",
            "aws_route_table.tf_private_rt",
            "aws_subnet.tf_private_subnet-2",
            "aws_subnet.tf_public_subnet-1",
            "aws_vpc.tf_vpc",
            "data.aws_availability_zones.available"
          ]
        }
      ]
    },
    {
      "mode": "managed",
      "type": "aws_route_table_association",
      "name": "tf_public_rt_assoc_1",
      "provider": "provider[\"registry.terraform.io/hashicorp/aws\"]",
      "instances": [
        {
          "schema_version": 0,
          "attributes": {
            "gateway_id": "",
            "id": "rtbassoc-0f4ffddacd4ab54b6",
            "region": "us-east-2",
            "route_table_id": "rtb-021b1cc22aae0a723",
            "subnet_id": "subnet-0dba78ce546ace54e",
            "timeouts": null
          },
          "sensitive_attributes": [],
          "identity_schema_version": 0,
          "private": "eyJlMmJmYjczMC1lY2FhLTExZTYtOGY4OC0zNDM2M2JjN2M0YzAiOnsiY3JlYXRlIjozMDAwMDAwMDAwMDAsImRlbGV0ZSI6MzAwMDAwMDAwMDAwLCJ1cGRhdGUiOjEyMDAwMDAwMDAwMH19",
          "dependencies": [
            "aws_internet_gateway.tf_igw",
            "aws_route_table.tf_public_rt",
            "aws_subnet.tf_public_subnet-1",
            "aws_vpc.tf_vpc",
            "data.aws_availability_zones.available"
          ]
        }
      ]
    },
    {
      "mode": "managed",
      "type": "aws_route_table_association",
      "name": "tf_public_rt_assoc_2",
      "provider": "provider[\"registry.terraform.io/hashicorp/aws\"]",
      "instances": [
        {
          "schema_version": 0,
          "attributes": {
            "gateway_id": "",
            "id": "rtbassoc-0f79bb7a8a2bf4e17",
            "region": "us-east-2",
            "route_table_id": "rtb-021b1cc22aae0a723",
            "subnet_id": "subnet-0e25cfbdd93cd1246",
            "timeouts": null
          },
          "sensitive_attributes": [],
          "identity_schema_version": 0,
          "private": "eyJlMmJmYjczMC1lY2FhLTExZTYtOGY4OC0zNDM2M2JjN2M0YzAiOnsiY3JlYXRlIjozMDAwMDAwMDAwMDAsImRlbGV0ZSI6MzAwMDAwMDAwMDAwLCJ1cGRhdGUiOjEyMDAwMDAwMDAwMH19",
          "dependencies": [
            "aws_internet_gateway.tf_igw",
            "aws_route_table.tf_public_rt",
            "aws_subnet.tf_public_subnet-2",
            "aws_vpc.tf_vpc",
            "data.aws_availability_zones.available"
          ]
        }
      ]
    },
    {
      "mode": "managed",
      "type": "aws_subnet",
      "name": "tf_private_subnet-1",
      "provider": "provider[\"registry.terraform.io/hashicorp/aws\"]",
      "instances": [
        {
          "schema_version": 1,
          "attributes": {
            "arn": "arn:aws:ec2:us-east-2:835606782804:subnet/subnet-0cd55cc5edb5237bf",
            "assign_ipv6_address_on_creation": false,
            "availability_zone": "us-east-2a",
            "availability_zone_id": "use2-az1",
            "cidr_block": "11.0.110.0/24",
            "customer_owned_ipv4_pool": "",
            "enable_dns64": false,
            "enable_lni_at_device_index": 0,
            "enable_resource_name_dns_a_record_on_launch": false,
            "enable_resource_name_dns_aaaa_record_on_launch": false,
            "id": "subnet-0cd55cc5edb5237bf",
            "ipv6_cidr_block": "",
            "ipv6_cidr_block_association_id": "",
            "ipv6_native": false,
            "map_customer_owned_ip_on_launch": false,
            "map_public_ip_on_launch": false,
            "outpost_arn": "",
            "owner_id": "835606782804",
            "private_dns_hostname_type_on_launch": "ip-name",
            "region": "us-east-2",
            "tags": {
              "kubernetes": "eks-cluster",
              "terraform": "true"
            },
            "tags_all": {
              "kubernetes": "eks-cluster",
              "terraform": "true"
            },
            "timeouts": null,
            "vpc_id": "vpc-0daec2ce3e52efb28"
          },
          "sensitive_attributes": [],
          "identity_schema_version": 0,
          "private": "eyJlMmJmYjczMC1lY2FhLTExZTYtOGY4OC0zNDM2M2JjN2M0YzAiOnsiY3JlYXRlIjo2MDAwMDAwMDAwMDAsImRlbGV0ZSI6MTIwMDAwMDAwMDAwMH0sInNjaGVtYV92ZXJzaW9uIjoiMSJ9",
          "dependencies": [
            "aws_vpc.tf_vpc",
            "data.aws_availability_zones.available"
          ]
        }
      ]
    },
    {
      "mode": "managed",
      "type": "aws_subnet",
      "name": "tf_private_subnet-2",
      "provider": "provider[\"registry.terraform.io/hashicorp/aws\"]",
      "instances": [
        {
          "schema_version": 1,
          "attributes": {
            "arn": "arn:aws:ec2:us-east-2:835606782804:subnet/subnet-033460b6cda80a570",
            "assign_ipv6_address_on_creation": false,
            "availability_zone": "us-east-2b",
            "availability_zone_id": "use2-az2",
            "cidr_block": "11.0.120.0/24",
            "customer_owned_ipv4_pool": "",
            "enable_dns64": false,
            "enable_lni_at_device_index": 0,
            "enable_resource_name_dns_a_record_on_launch": false,
            "enable_resource_name_dns_aaaa_record_on_launch": false,
            "id": "subnet-033460b6cda80a570",
            "ipv6_cidr_block": "",
            "ipv6_cidr_block_association_id": "",
            "ipv6_native": false,
            "map_customer_owned_ip_on_launch": false,
            "map_public_ip_on_launch": false,
            "outpost_arn": "",
            "owner_id": "835606782804",
            "private_dns_hostname_type_on_launch": "ip-name",
            "region": "us-east-2",
            "tags": {
              "kubernetes": "eks-cluster",
              "terraform": "true"
            },
            "tags_all": {
              "kubernetes": "eks-cluster",
              "terraform": "true"
            },
            "timeouts": null,
            "vpc_id": "vpc-0daec2ce3e52efb28"
          },
          "sensitive_attributes": [],
          "identity_schema_version": 0,
          "private": "eyJlMmJmYjczMC1lY2FhLTExZTYtOGY4OC0zNDM2M2JjN2M0YzAiOnsiY3JlYXRlIjo2MDAwMDAwMDAwMDAsImRlbGV0ZSI6MTIwMDAwMDAwMDAwMH0sInNjaGVtYV92ZXJzaW9uIjoiMSJ9",
          "dependencies": [
            "aws_vpc.tf_vpc",
            "data.aws_availability_zones.available"
          ]
        }
      ]
    },
    {
      "mode": "managed",
      "type": "aws_subnet",
      "name": "tf_public_subnet-1",
      "provider": "provider[\"registry.terraform.io/hashicorp/aws\"]",
      "instances": [
        {
          "schema_version": 1,
          "attributes": {
            "arn": "arn:aws:ec2:us-east-2:835606782804:subnet/subnet-0dba78ce546ace54e",
            "assign_ipv6_address_on_creation": false,
            "availability_zone": "us-east-2a",
            "availability_zone_id": "use2-az1",
            "cidr_block": "11.0.10.0/24",
            "customer_owned_ipv4_pool": "",
            "enable_dns64": false,
            "enable_lni_at_device_index": 0,
            "enable_resource_name_dns_a_record_on_launch": false,
            "enable_resource_name_dns_aaaa_record_on_launch": false,
            "id": "subnet-0dba78ce546ace54e",
            "ipv6_cidr_block": "",
            "ipv6_cidr_block_association_id": "",
            "ipv6_native": false,
            "map_customer_owned_ip_on_launch": false,
            "map_public_ip_on_launch": false,
            "outpost_arn": "",
            "owner_id": "835606782804",
            "private_dns_hostname_type_on_launch": "ip-name",
            "region": "us-east-2",
            "tags": {
              "kubernetes": "eks-cluster",
              "terraform": "true"
            },
            "tags_all": {
              "kubernetes": "eks-cluster",
              "terraform": "true"
            },
            "timeouts": null,
            "vpc_id": "vpc-0daec2ce3e52efb28"
          },
          "sensitive_attributes": [],
          "identity_schema_version": 0,
          "private": "eyJlMmJmYjczMC1lY2FhLTExZTYtOGY4OC0zNDM2M2JjN2M0YzAiOnsiY3JlYXRlIjo2MDAwMDAwMDAwMDAsImRlbGV0ZSI6MTIwMDAwMDAwMDAwMH0sInNjaGVtYV92ZXJzaW9uIjoiMSJ9",
          "dependencies": [
            "aws_vpc.tf_vpc",
            "data.aws_availability_zones.available"
          ]
        }
      ]
    },
    {
      "mode": "managed",
      "type": "aws_subnet",
      "name": "tf_public_subnet-2",
      "provider": "provider[\"registry.terraform.io/hashicorp/aws\"]",
      "instances": [
        {
          "schema_version": 1,
          "attributes": {
            "arn": "arn:aws:ec2:us-east-2:835606782804:subnet/subnet-0e25cfbdd93cd1246",
            "assign_ipv6_address_on_creation": false,
            "availability_zone": "us-east-2b",
            "availability_zone_id": "use2-az2",
            "cidr_block": "11.0.20.0/24",
            "customer_owned_ipv4_pool": "",
            "enable_dns64": false,
            "enable_lni_at_device_index": 0,
            "enable_resource_name_dns_a_record_on_launch": false,
            "enable_resource_name_dns_aaaa_record_on_launch": false,
            "id": "subnet-0e25cfbdd93cd1246",
            "ipv6_cidr_block": "",
            "ipv6_cidr_block_association_id": "",
            "ipv6_native": false,
            "map_customer_owned_ip_on_launch": false,
            "map_public_ip_on_launch": false,
            "outpost_arn": "",
            "owner_id": "835606782804",
            "private_dns_hostname_type_on_launch": "ip-name",
            "region": "us-east-2",
            "tags": {
              "kubernetes": "eks-cluster",
              "terraform": "true"
            },
            "tags_all": {
              "kubernetes": "eks-cluster",
              "terraform": "true"
            },
            "timeouts": null,
            "vpc_id": "vpc-0daec2ce3e52efb28"
          },
          "sensitive_attributes": [],
          "identity_schema_version": 0,
          "private": "eyJlMmJmYjczMC1lY2FhLTExZTYtOGY4OC0zNDM2M2JjN2M0YzAiOnsiY3JlYXRlIjo2MDAwMDAwMDAwMDAsImRlbGV0ZSI6MTIwMDAwMDAwMDAwMH0sInNjaGVtYV92ZXJzaW9uIjoiMSJ9",
          "dependencies": [
            "aws_vpc.tf_vpc",
            "data.aws_availability_zones.available"
          ]
        }
      ]
    },
    {
      "mode": "managed",
      "type": "aws_vpc",
      "name": "tf_vpc",
      "provider": "provider[\"registry.terraform.io/hashicorp/aws\"]",
      "instances": [
        {
          "schema_version": 1,
          "attributes": {
            "arn": "arn:aws:ec2:us-east-2:835606782804:vpc/vpc-0daec2ce3e52efb28",
            "assign_generated_ipv6_cidr_block": false,
            "cidr_block": "11.0.0.0/16",
            "default_network_acl_id": "acl-02beb9b3d99184922",
            "default_route_table_id": "rtb-013522b8f85b733ee",
            "default_security_group_id": "sg-038ad1972981a243d",
            "dhcp_options_id": "dopt-0bb051d4376d7dbed",
            "enable_dns_hostnames": true,
            "enable_dns_support": true,
            "enable_network_address_usage_metrics": false,
            "id": "vpc-0daec2ce3e52efb28",
            "instance_tenancy": "default",
            "ipv4_ipam_pool_id": null,
            "ipv4_netmask_length": null,
            "ipv6_association_id": "",
            "ipv6_cidr_block": "",
            "ipv6_cidr_block_network_border_group": "",
            "ipv6_ipam_pool_id": "",
            "ipv6_netmask_length": 0,
            "main_route_table_id": "rtb-013522b8f85b733ee",
            "owner_id": "835606782804",
            "region": "us-east-2",
            "tags": {
              "Name": "Eks VPC"
            },
            "tags_all": {
              "Name": "Eks VPC"
            }
          },
          "sensitive_attributes": [],
          "identity_schema_version": 0,
          "private": "eyJzY2hlbWFfdmVyc2lvbiI6IjEifQ=="
        }
      ]
    }
  ],
  "check_results": null
}
