{
  "version": 4,
  "terraform_version": "1.12.2",
  "serial": 26,
  "lineage": "4341f72a-e686-952f-94ea-17e40314cae4",
  "outputs": {
    "endpoint": {
      "value": "https://AC2EA83640669F1BF4EE8C78AD1FE663.gr7.eu-north-1.eks.amazonaws.com",
      "type": "string"
    },
    "kubeconfig-certificate-authority-data": {
      "value": "LS0tLS1CRUdJTiBDRVJUSUZJQ0FURS0tLS0tCk1JSURCVENDQWUyZ0F3SUJBZ0lJUTd4MWRxR3ZtTGt3RFFZSktvWklodmNOQVFFTEJRQXdGVEVUTUJFR0ExVUUKQXhNS2EzVmlaWEp1WlhSbGN6QWVGdzB5TlRBNE1ESXhNekl6TXpkYUZ3MHpOVEEzTXpFeE16STRNemRhTUJVeApFekFSQmdOVkJBTVRDbXQxWW1WeWJtVjBaWE13Z2dFaU1BMEdDU3FHU0liM0RRRUJBUVVBQTRJQkR3QXdnZ0VLCkFvSUJBUURKV1JVNXovTmFkR2tWLzd0ZlQ2dk90UkFPdnlrdTVFQVhYaDIrYml2a0JsUm5UL2FGaCtHU1BFNXEKN1BLbTdyd1lsS0x0dXUycEhXcS9BbnRPa2cyMzZyUGIvVUM2MXViSVpyTW5qN2lxblRNcUZNeU9wdC9HL1FQeApla0l0ekpNTjJFaHN3ZDdubDh0YnRaY3FCQi9VcGpFOWFCOEJrZTlrdkxsQnpaUWVhNmsyM096TzZNRXFsZS8xCkZyWElia243QmpHS2I0Ukt0b3JLYlhnNE0wbHhQTzBUUFIycFVvVzQvdkJMT1dyWkxqZVJzR3VGTVVkb2Y3bFcKeC94NTJYR3BRMkEvakZ6LzBYUkNnaXRBTm1pTXVRZXRibHpoM1ljTzNUeCs0L2pmYXNjaFI1ZmlvNGhBY0k4TgpZMU05em5RL3VIcUlORk5lZWQrWWFTWXJDbXgxQWdNQkFBR2pXVEJYTUE0R0ExVWREd0VCL3dRRUF3SUNwREFQCkJnTlZIUk1CQWY4RUJUQURBUUgvTUIwR0ExVWREZ1FXQkJUdHJtMXB5RENqRlJkczA0VmY3TGVqSVBKUU9EQVYKQmdOVkhSRUVEakFNZ2dwcmRXSmxjbTVsZEdWek1BMEdDU3FHU0liM0RRRUJDd1VBQTRJQkFRQlpFU1poM3NNSwpDVDJ3RUhtYUhKbTVMNHpwR0ZBd21iY0tuaXkrbWVsNzZKZkJLbTB4ekVpR25mUGNub0dIL29mUlZPa1RZcFk4CjZtT3NWeWJlTklCYlRsUE40NjJmK25KRVJFVnFweDNjK0ZJSzN5V2tkMTJpc2MwZDF3dXR1dmd3MkJEVEw2OHkKZTl4RzBRUll5c1grVFlPYkhwS2lJR0FQeUlrWGdma05ZZkR0YmFuNEM4anpTMGRpVklJRCtpd2RLNFduclhVcQp0SzhKMkNOWkhidXQrMHlMVjVkcXZ3M1FDN0ptc01rcnhzVDBLbXc4SjdJT1pubFpsWDRqUXVubk5YdE13M1hICkh1M0FkV2pJalBPMlBWa2l0QW1BR0VJdGVqamlWMTVnaUdrOHRPRXl3UVlqaFYxWm9ta0NiMk4rVnkyRUtCVW8KNTQxeDFDSUh0UXdBCi0tLS0tRU5EIENFUlRJRklDQVRFLS0tLS0K",
      "type": "string"
    }
  },
  "resources": [
    {
      "mode": "data",
      "type": "aws_availability_zones",
      "name": "available",
      "provider": "provider[\"registry.terraform.io/hashicorp/aws\"]",
      "instances": [
        {
          "schema_version": 0,
          "attributes": {
            "all_availability_zones": null,
            "exclude_names": null,
            "exclude_zone_ids": null,
            "filter": null,
            "group_names": [
              "eu-north-1-zg-1"
            ],
            "id": "eu-north-1",
            "names": [
              "eu-north-1a",
              "eu-north-1b",
              "eu-north-1c"
            ],
            "region": "eu-north-1",
            "state": "available",
            "timeouts": null,
            "zone_ids": [
              "eun1-az1",
              "eun1-az2",
              "eun1-az3"
            ]
          },
          "sensitive_attributes": [],
          "identity_schema_version": 0
        }
      ]
    },
    {
      "mode": "managed",
      "type": "aws_eip",
      "name": "tf_eip",
      "provider": "provider[\"registry.terraform.io/hashicorp/aws\"]",
      "instances": [
        {
          "schema_version": 0,
          "attributes": {
            "address": null,
            "allocation_id": "eipalloc-0e098e7a8bdc571b8",
            "arn": "arn:aws:ec2:eu-north-1:361769560846:elastic-ip/eipalloc-0e098e7a8bdc571b8",
            "associate_with_private_ip": null,
            "association_id": "",
            "carrier_ip": "",
            "customer_owned_ip": "",
            "customer_owned_ipv4_pool": "",
            "domain": "vpc",
            "id": "eipalloc-0e098e7a8bdc571b8",
            "instance": "",
            "ipam_pool_id": null,
            "network_border_group": "eu-north-1",
            "network_interface": "",
            "private_dns": null,
            "private_ip": "",
            "ptr_record": "",
            "public_dns": "ec2-51-21-78-26.eu-north-1.compute.amazonaws.com",
            "public_ip": "51.21.78.26",
            "public_ipv4_pool": "amazon",
            "region": "eu-north-1",
            "tags": {
              "Name": "tf_eip"
            },
            "tags_all": {
              "Name": "tf_eip"
            },
            "timeouts": null
          },
          "sensitive_attributes": [],
          "identity_schema_version": 0,
          "private": "eyJlMmJmYjczMC1lY2FhLTExZTYtOGY4OC0zNDM2M2JjN2M0YzAiOnsiZGVsZXRlIjoxODAwMDAwMDAwMDAsInJlYWQiOjkwMDAwMDAwMDAwMCwidXBkYXRlIjozMDAwMDAwMDAwMDB9fQ==",
          "dependencies": [
            "aws_internet_gateway.tf_igw",
            "aws_vpc.tf_vpc"
          ]
        }
      ]
    },
    {
      "mode": "managed",
      "type": "aws_eks_cluster",
      "name": "tf_eks_cluster",
      "provider": "provider[\"registry.terraform.io/hashicorp/aws\"]",
      "instances": [
        {
          "schema_version": 1,
          "attributes": {
            "access_config": [
              {
                "authentication_mode": "API",
                "bootstrap_cluster_creator_admin_permissions": true
              }
            ],
            "arn": "arn:aws:eks:eu-north-1:361769560846:cluster/test_eks_cluster",
            "bootstrap_self_managed_addons": true,
            "certificate_authority": [
              {
                "data": "LS0tLS1CRUdJTiBDRVJUSUZJQ0FURS0tLS0tCk1JSURCVENDQWUyZ0F3SUJBZ0lJUTd4MWRxR3ZtTGt3RFFZSktvWklodmNOQVFFTEJRQXdGVEVUTUJFR0ExVUUKQXhNS2EzVmlaWEp1WlhSbGN6QWVGdzB5TlRBNE1ESXhNekl6TXpkYUZ3MHpOVEEzTXpFeE16STRNemRhTUJVeApFekFSQmdOVkJBTVRDbXQxWW1WeWJtVjBaWE13Z2dFaU1BMEdDU3FHU0liM0RRRUJBUVVBQTRJQkR3QXdnZ0VLCkFvSUJBUURKV1JVNXovTmFkR2tWLzd0ZlQ2dk90UkFPdnlrdTVFQVhYaDIrYml2a0JsUm5UL2FGaCtHU1BFNXEKN1BLbTdyd1lsS0x0dXUycEhXcS9BbnRPa2cyMzZyUGIvVUM2MXViSVpyTW5qN2lxblRNcUZNeU9wdC9HL1FQeApla0l0ekpNTjJFaHN3ZDdubDh0YnRaY3FCQi9VcGpFOWFCOEJrZTlrdkxsQnpaUWVhNmsyM096TzZNRXFsZS8xCkZyWElia243QmpHS2I0Ukt0b3JLYlhnNE0wbHhQTzBUUFIycFVvVzQvdkJMT1dyWkxqZVJzR3VGTVVkb2Y3bFcKeC94NTJYR3BRMkEvakZ6LzBYUkNnaXRBTm1pTXVRZXRibHpoM1ljTzNUeCs0L2pmYXNjaFI1ZmlvNGhBY0k4TgpZMU05em5RL3VIcUlORk5lZWQrWWFTWXJDbXgxQWdNQkFBR2pXVEJYTUE0R0ExVWREd0VCL3dRRUF3SUNwREFQCkJnTlZIUk1CQWY4RUJUQURBUUgvTUIwR0ExVWREZ1FXQkJUdHJtMXB5RENqRlJkczA0VmY3TGVqSVBKUU9EQVYKQmdOVkhSRUVEakFNZ2dwcmRXSmxjbTVsZEdWek1BMEdDU3FHU0liM0RRRUJDd1VBQTRJQkFRQlpFU1poM3NNSwpDVDJ3RUhtYUhKbTVMNHpwR0ZBd21iY0tuaXkrbWVsNzZKZkJLbTB4ekVpR25mUGNub0dIL29mUlZPa1RZcFk4CjZtT3NWeWJlTklCYlRsUE40NjJmK25KRVJFVnFweDNjK0ZJSzN5V2tkMTJpc2MwZDF3dXR1dmd3MkJEVEw2OHkKZTl4RzBRUll5c1grVFlPYkhwS2lJR0FQeUlrWGdma05ZZkR0YmFuNEM4anpTMGRpVklJRCtpd2RLNFduclhVcQp0SzhKMkNOWkhidXQrMHlMVjVkcXZ3M1FDN0ptc01rcnhzVDBLbXc4SjdJT1pubFpsWDRqUXVubk5YdE13M1hICkh1M0FkV2pJalBPMlBWa2l0QW1BR0VJdGVqamlWMTVnaUdrOHRPRXl3UVlqaFYxWm9ta0NiMk4rVnkyRUtCVW8KNTQxeDFDSUh0UXdBCi0tLS0tRU5EIENFUlRJRklDQVRFLS0tLS0K"
              }
            ],
            "cluster_id": null,
            "compute_config": [],
            "created_at": "2025-08-02T13:24:12Z",
            "enabled_cluster_log_types": null,
            "encryption_config": [],
            "endpoint": "https://AC2EA83640669F1BF4EE8C78AD1FE663.gr7.eu-north-1.eks.amazonaws.com",
            "force_update_version": null,
            "id": "test_eks_cluster",
            "identity": [
              {
                "oidc": [
                  {
                    "issuer": "https://oidc.eks.eu-north-1.amazonaws.com/id/AC2EA83640669F1BF4EE8C78AD1FE663"
                  }
                ]
              }
            ],
            "kubernetes_network_config": [
              {
                "elastic_load_balancing": [
                  {
                    "enabled": false
                  }
                ],
                "ip_family": "ipv4",
                "service_ipv4_cidr": "10.100.0.0/16",
                "service_ipv6_cidr": ""
              }
            ],
            "name": "test_eks_cluster",
            "outpost_config": [],
            "platform_version": "eks.32",
            "region": "eu-north-1",
            "remote_network_config": [],
            "role_arn": "arn:aws:iam::361769560846:role/tf_eks_role",
            "status": "ACTIVE",
            "storage_config": [],
            "tags": {
              "Name": "EKS cluster"
            },
            "tags_all": {
              "Name": "EKS cluster"
            },
            "timeouts": null,
            "upgrade_policy": [
              {
                "support_type": "STANDARD"
              }
            ],
            "version": "1.31",
            "vpc_config": [
              {
                "cluster_security_group_id": "sg-0433e98c392e1ecf6",
                "endpoint_private_access": true,
                "endpoint_public_access": true,
                "public_access_cidrs": [
                  "0.0.0.0/0"
                ],
                "security_group_ids": null,
                "subnet_ids": [
                  "subnet-019892f7c300dcaa8",
                  "subnet-074618dd68750eb0e",
                  "subnet-0bdd2dfab344b9a10",
                  "subnet-0ec9ad2a58f89c751"
                ],
                "vpc_id": "vpc-000fcf270b080943f"
              }
            ],
            "zonal_shift_config": []
          },
          "sensitive_attributes": [],
          "identity_schema_version": 0,
          "private": "eyJlMmJmYjczMC1lY2FhLTExZTYtOGY4OC0zNDM2M2JjN2M0YzAiOnsiY3JlYXRlIjoxODAwMDAwMDAwMDAwLCJkZWxldGUiOjkwMDAwMDAwMDAwMCwidXBkYXRlIjozNjAwMDAwMDAwMDAwfSwic2NoZW1hX3ZlcnNpb24iOiIxIn0=",
          "dependencies": [
            "aws_iam_role.tf_eks_role",
            "aws_iam_role_policy_attachment.tf_attach_policy",
            "aws_subnet.tf_private_subnet-1",
            "aws_subnet.tf_private_subnet-2",
            "aws_subnet.tf_public_subnet-1",
            "aws_subnet.tf_public_subnet-2",
            "aws_vpc.tf_vpc",
            "data.aws_availability_zones.available"
          ]
        }
      ]
    },
    {
      "mode": "managed",
      "type": "aws_eks_fargate_profile",
      "name": "tf_fargate_profile",
      "provider": "provider[\"registry.terraform.io/hashicorp/aws\"]",
      "instances": [
        {
          "schema_version": 0,
          "attributes": {
            "arn": "arn:aws:eks:eu-north-1:361769560846:fargateprofile/test_eks_cluster/tf_fargate_profile/cecc357e-3ea8-ec06-37c5-b3c59e8fa1ac",
            "cluster_name": "test_eks_cluster",
            "fargate_profile_name": "tf_fargate_profile",
            "id": "test_eks_cluster:tf_fargate_profile",
            "pod_execution_role_arn": "arn:aws:iam::361769560846:role/tf_eks_farget_profile_role",
            "region": "eu-north-1",
            "selector": [
              {
                "labels": null,
                "namespace": "default"
              },
              {
                "labels": null,
                "namespace": "kube-system"
              }
            ],
            "status": "ACTIVE",
            "subnet_ids": [
              "subnet-019892f7c300dcaa8",
              "subnet-0ec9ad2a58f89c751"
            ],
            "tags": null,
            "tags_all": {},
            "timeouts": null
          },
          "sensitive_attributes": [],
          "identity_schema_version": 0,
          "private": "eyJlMmJmYjczMC1lY2FhLTExZTYtOGY4OC0zNDM2M2JjN2M0YzAiOnsiY3JlYXRlIjo2MDAwMDAwMDAwMDAsImRlbGV0ZSI6NjAwMDAwMDAwMDAwfX0=",
          "dependencies": [
            "aws_eks_cluster.tf_eks_cluster",
            "aws_iam_role.tf_eks_farget_profile_role",
            "aws_iam_role.tf_eks_role",
            "aws_iam_role_policy_attachment.tf_attach_policy",
            "aws_iam_role_policy_attachment.tf_fargate_attach_policy",
            "aws_subnet.tf_private_subnet-1",
            "aws_subnet.tf_private_subnet-2",
            "aws_subnet.tf_public_subnet-1",
            "aws_subnet.tf_public_subnet-2",
            "aws_vpc.tf_vpc",
            "data.aws_availability_zones.available"
          ]
        }
      ]
    },
    {
      "mode": "managed",
      "type": "aws_eks_node_group",
      "name": "tf_eks_node_group",
      "provider": "provider[\"registry.terraform.io/hashicorp/aws\"]",
      "instances": [
        {
          "schema_version": 0,
          "attributes": {
            "ami_type": "AL2023_x86_64_STANDARD",
            "arn": "arn:aws:eks:eu-north-1:361769560846:nodegroup/test_eks_cluster/tf_eks_node_group/04cc357e-3eae-3664-90f0-884a875ff7dd",
            "capacity_type": "ON_DEMAND",
            "cluster_name": "test_eks_cluster",
            "disk_size": 20,
            "force_update_version": null,
            "id": "test_eks_cluster:tf_eks_node_group",
            "instance_types": [
              "t3.medium"
            ],
            "labels": null,
            "launch_template": [],
            "node_group_name": "tf_eks_node_group",
            "node_group_name_prefix": "",
            "node_repair_config": [],
            "node_role_arn": "arn:aws:iam::361769560846:role/tf_eks_node_group_role",
            "region": "eu-north-1",
            "release_version": "1.31.7-20250715",
            "remote_access": [],
            "resources": [
              {
                "autoscaling_groups": [
                  {
                    "name": "eks-tf_eks_node_group-04cc357e-3eae-3664-90f0-884a875ff7dd"
                  }
                ],
                "remote_access_security_group_id": ""
              }
            ],
            "scaling_config": [
              {
                "desired_size": 2,
                "max_size": 4,
                "min_size": 1
              }
            ],
            "status": "ACTIVE",
            "subnet_ids": [
              "subnet-019892f7c300dcaa8",
              "subnet-0ec9ad2a58f89c751"
            ],
            "tags": null,
            "tags_all": {},
            "taint": [],
            "timeouts": null,
            "update_config": [
              {
                "max_unavailable": 1,
                "max_unavailable_percentage": 0
              }
            ],
            "version": "1.31"
          },
          "sensitive_attributes": [],
          "identity_schema_version": 0,
          "private": "eyJlMmJmYjczMC1lY2FhLTExZTYtOGY4OC0zNDM2M2JjN2M0YzAiOnsiY3JlYXRlIjozNjAwMDAwMDAwMDAwLCJkZWxldGUiOjM2MDAwMDAwMDAwMDAsInVwZGF0ZSI6MzYwMDAwMDAwMDAwMH19",
          "dependencies": [
            "aws_eks_cluster.tf_eks_cluster",
            "aws_iam_role.tf_eks_ng_role",
            "aws_iam_role.tf_eks_role",
            "aws_iam_role_policy_attachment.tf_attach_policy",
            "aws_iam_role_policy_attachment.tf_eks_cni_policy",
            "aws_iam_role_policy_attachment.tf_eks_container_policy",
            "aws_iam_role_policy_attachment.tf_worker_node_policy",
            "aws_subnet.tf_private_subnet-1",
            "aws_subnet.tf_private_subnet-2",
            "aws_subnet.tf_public_subnet-1",
            "aws_subnet.tf_public_subnet-2",
            "aws_vpc.tf_vpc",
            "data.aws_availability_zones.available"
          ]
        }
      ]
    },
    {
      "mode": "managed",
      "type": "aws_iam_role",
      "name": "tf_eks_farget_profile_role",
      "provider": "provider[\"registry.terraform.io/hashicorp/aws\"]",
      "instances": [
        {
          "schema_version": 0,
          "attributes": {
            "arn": "arn:aws:iam::361769560846:role/tf_eks_farget_profile_role",
            "assume_role_policy": "{\"Statement\":[{\"Action\":\"sts:AssumeRole\",\"Effect\":\"Allow\",\"Principal\":{\"Service\":\"eks-fargate-pods.amazonaws.com\"},\"Sid\":\"\"}],\"Version\":\"2012-10-17\"}",
            "create_date": "2025-08-02T13:23:51Z",
            "description": "",
            "force_detach_policies": false,
            "id": "tf_eks_farget_profile_role",
            "inline_policy": [],
            "managed_policy_arns": [],
            "max_session_duration": 3600,
            "name": "tf_eks_farget_profile_role",
            "name_prefix": "",
            "path": "/",
            "permissions_boundary": "",
            "tags": {
              "tag-key": "tf_eks_farget_profile_role"
            },
            "tags_all": {
              "tag-key": "tf_eks_farget_profile_role"
            },
            "unique_id": "AROAVIOZFNMHLP4ICZX22"
          },
          "sensitive_attributes": [],
          "identity_schema_version": 0,
          "identity": {
            "account_id": "361769560846",
            "name": "tf_eks_farget_profile_role"
          },
          "private": "bnVsbA=="
        }
      ]
    },
    {
      "mode": "managed",
      "type": "aws_iam_role",
      "name": "tf_eks_ng_role",
      "provider": "provider[\"registry.terraform.io/hashicorp/aws\"]",
      "instances": [
        {
          "schema_version": 0,
          "attributes": {
            "arn": "arn:aws:iam::361769560846:role/tf_eks_node_group_role",
            "assume_role_policy": "{\"Statement\":[{\"Action\":\"sts:AssumeRole\",\"Effect\":\"Allow\",\"Principal\":{\"Service\":\"ec2.amazonaws.com\"},\"Sid\":\"\"}],\"Version\":\"2012-10-17\"}",
            "create_date": "2025-08-02T13:23:51Z",
            "description": "",
            "force_detach_policies": false,
            "id": "tf_eks_node_group_role",
            "inline_policy": [],
            "managed_policy_arns": [],
            "max_session_duration": 3600,
            "name": "tf_eks_node_group_role",
            "name_prefix": "",
            "path": "/",
            "permissions_boundary": "",
            "tags": {
              "tag-key": "tf_eks_ng_role"
            },
            "tags_all": {
              "tag-key": "tf_eks_ng_role"
            },
            "unique_id": "AROAVIOZFNMHP7XIBNVCW"
          },
          "sensitive_attributes": [],
          "identity_schema_version": 0,
          "identity": {
            "account_id": "361769560846",
            "name": "tf_eks_node_group_role"
          },
          "private": "bnVsbA=="
        }
      ]
    },
    {
      "mode": "managed",
      "type": "aws_iam_role",
      "name": "tf_eks_role",
      "provider": "provider[\"registry.terraform.io/hashicorp/aws\"]",
      "instances": [
        {
          "schema_version": 0,
          "attributes": {
            "arn": "arn:aws:iam::361769560846:role/tf_eks_role",
            "assume_role_policy": "{\"Statement\":[{\"Action\":\"sts:AssumeRole\",\"Effect\":\"Allow\",\"Principal\":{\"Service\":\"eks.amazonaws.com\"},\"Sid\":\"\"}],\"Version\":\"2012-10-17\"}",
            "create_date": "2025-08-02T13:23:51Z",
            "description": "",
            "force_detach_policies": false,
            "id": "tf_eks_role",
            "inline_policy": [],
            "managed_policy_arns": [],
            "max_session_duration": 3600,
            "name": "tf_eks_role",
            "name_prefix": "",
            "path": "/",
            "permissions_boundary": "",
            "tags": {
              "tag-key": "tf_eks_role"
            },
            "tags_all": {
              "tag-key": "tf_eks_role"
            },
            "unique_id": "AROAVIOZFNMHDNBQPBHHP"
          },
          "sensitive_attributes": [],
          "identity_schema_version": 0,
          "identity": {
            "account_id": "361769560846",
            "name": "tf_eks_role"
          },
          "private": "bnVsbA=="
        }
      ]
    },
    {
      "mode": "managed",
      "type": "aws_iam_role_policy_attachment",
      "name": "tf_attach_policy",
      "provider": "provider[\"registry.terraform.io/hashicorp/aws\"]",
      "instances": [
        {
          "schema_version": 0,
          "attributes": {
            "id": "tf_eks_role/arn:aws:iam::aws:policy/AmazonEKSClusterPolicy",
            "policy_arn": "arn:aws:iam::aws:policy/AmazonEKSClusterPolicy",
            "role": "tf_eks_role"
          },
          "sensitive_attributes": [],
          "identity_schema_version": 0,
          "identity": {
            "account_id": "361769560846",
            "policy_arn": "arn:aws:iam::aws:policy/AmazonEKSClusterPolicy",
            "role": "tf_eks_role"
          },
          "private": "bnVsbA==",
          "dependencies": [
            "aws_iam_role.tf_eks_role"
          ]
        }
      ]
    },
    {
      "mode": "managed",
      "type": "aws_iam_role_policy_attachment",
      "name": "tf_eks_cni_policy",
      "provider": "provider[\"registry.terraform.io/hashicorp/aws\"]",
      "instances": [
        {
          "schema_version": 0,
          "attributes": {
            "id": "tf_eks_node_group_role/arn:aws:iam::aws:policy/AmazonEKS_CNI_Policy",
            "policy_arn": "arn:aws:iam::aws:policy/AmazonEKS_CNI_Policy",
            "role": "tf_eks_node_group_role"
          },
          "sensitive_attributes": [],
          "identity_schema_version": 0,
          "identity": {
            "account_id": "361769560846",
            "policy_arn": "arn:aws:iam::aws:policy/AmazonEKS_CNI_Policy",
            "role": "tf_eks_node_group_role"
          },
          "private": "bnVsbA==",
          "dependencies": [
            "aws_iam_role.tf_eks_ng_role"
          ]
        }
      ]
    },
    {
      "mode": "managed",
      "type": "aws_iam_role_policy_attachment",
      "name": "tf_eks_container_policy",
      "provider": "provider[\"registry.terraform.io/hashicorp/aws\"]",
      "instances": [
        {
          "schema_version": 0,
          "attributes": {
            "id": "tf_eks_node_group_role/arn:aws:iam::aws:policy/AmazonEC2ContainerRegistryReadOnly",
            "policy_arn": "arn:aws:iam::aws:policy/AmazonEC2ContainerRegistryReadOnly",
            "role": "tf_eks_node_group_role"
          },
          "sensitive_attributes": [],
          "identity_schema_version": 0,
          "identity": {
            "account_id": "361769560846",
            "policy_arn": "arn:aws:iam::aws:policy/AmazonEC2ContainerRegistryReadOnly",
            "role": "tf_eks_node_group_role"
          },
          "private": "bnVsbA==",
          "dependencies": [
            "aws_iam_role.tf_eks_ng_role"
          ]
        }
      ]
    },
    {
      "mode": "managed",
      "type": "aws_iam_role_policy_attachment",
      "name": "tf_fargate_attach_policy",
      "provider": "provider[\"registry.terraform.io/hashicorp/aws\"]",
      "instances": [
        {
          "schema_version": 0,
          "attributes": {
            "id": "tf_eks_farget_profile_role/arn:aws:iam::aws:policy/AmazonEKSFargatePodExecutionRolePolicy",
            "policy_arn": "arn:aws:iam::aws:policy/AmazonEKSFargatePodExecutionRolePolicy",
            "role": "tf_eks_farget_profile_role"
          },
          "sensitive_attributes": [],
          "identity_schema_version": 0,
          "identity": {
            "account_id": "361769560846",
            "policy_arn": "arn:aws:iam::aws:policy/AmazonEKSFargatePodExecutionRolePolicy",
            "role": "tf_eks_farget_profile_role"
          },
          "private": "bnVsbA==",
          "dependencies": [
            "aws_iam_role.tf_eks_farget_profile_role"
          ]
        }
      ]
    },
    {
      "mode": "managed",
      "type": "aws_iam_role_policy_attachment",
      "name": "tf_worker_node_policy",
      "provider": "provider[\"registry.terraform.io/hashicorp/aws\"]",
      "instances": [
        {
          "schema_version": 0,
          "attributes": {
            "id": "tf_eks_node_group_role/arn:aws:iam::aws:policy/AmazonEKSWorkerNodePolicy",
            "policy_arn": "arn:aws:iam::aws:policy/AmazonEKSWorkerNodePolicy",
            "role": "tf_eks_node_group_role"
          },
          "sensitive_attributes": [],
          "identity_schema_version": 0,
          "identity": {
            "account_id": "361769560846",
            "policy_arn": "arn:aws:iam::aws:policy/AmazonEKSWorkerNodePolicy",
            "role": "tf_eks_node_group_role"
          },
          "private": "bnVsbA==",
          "dependencies": [
            "aws_iam_role.tf_eks_ng_role"
          ]
        }
      ]
    },
    {
      "mode": "managed",
      "type": "aws_internet_gateway",
      "name": "tf_igw",
      "provider": "provider[\"registry.terraform.io/hashicorp/aws\"]",
      "instances": [
        {
          "schema_version": 0,
          "attributes": {
            "arn": "arn:aws:ec2:eu-north-1:361769560846:internet-gateway/igw-02c831350d5e0905b",
            "id": "igw-02c831350d5e0905b",
            "owner_id": "361769560846",
            "region": "eu-north-1",
            "tags": {
              "Name": "tf_igw"
            },
            "tags_all": {
              "Name": "tf_igw"
            },
            "timeouts": null,
            "vpc_id": "vpc-000fcf270b080943f"
          },
          "sensitive_attributes": [],
          "identity_schema_version": 0,
          "private": "eyJlMmJmYjczMC1lY2FhLTExZTYtOGY4OC0zNDM2M2JjN2M0YzAiOnsiY3JlYXRlIjoxMjAwMDAwMDAwMDAwLCJkZWxldGUiOjEyMDAwMDAwMDAwMDAsInVwZGF0ZSI6MTIwMDAwMDAwMDAwMH19",
          "dependencies": [
            "aws_vpc.tf_vpc"
          ]
        }
      ]
    },
    {
      "mode": "managed",
      "type": "aws_nat_gateway",
      "name": "tf_nat_gateway",
      "provider": "provider[\"registry.terraform.io/hashicorp/aws\"]",
      "instances": [
        {
          "schema_version": 0,
          "attributes": {
            "allocation_id": "eipalloc-0e098e7a8bdc571b8",
            "association_id": "eipassoc-026bb2d9c4103b9b5",
            "connectivity_type": "public",
            "id": "nat-0d9f21f3895a2beae",
            "network_interface_id": "eni-0748d63c97f28ec80",
            "private_ip": "11.0.10.61",
            "public_ip": "51.21.78.26",
            "region": "eu-north-1",
            "secondary_allocation_ids": null,
            "secondary_private_ip_address_count": 0,
            "secondary_private_ip_addresses": [],
            "subnet_id": "subnet-0bdd2dfab344b9a10",
            "tags": {
              "Name": "tf_nat_gateway"
            },
            "tags_all": {
              "Name": "tf_nat_gateway"
            },
            "timeouts": null
          },
          "sensitive_attributes": [],
          "identity_schema_version": 0,
          "private": "eyJlMmJmYjczMC1lY2FhLTExZTYtOGY4OC0zNDM2M2JjN2M0YzAiOnsiY3JlYXRlIjo2MDAwMDAwMDAwMDAsImRlbGV0ZSI6MTgwMDAwMDAwMDAwMCwidXBkYXRlIjo2MDAwMDAwMDAwMDB9fQ==",
          "dependencies": [
            "aws_eip.tf_eip",
            "aws_internet_gateway.tf_igw",
            "aws_subnet.tf_public_subnet-1",
            "aws_vpc.tf_vpc",
            "data.aws_availability_zones.available"
          ]
        }
      ]
    },
    {
      "mode": "managed",
      "type": "aws_route_table",
      "name": "tf_private_rt",
      "provider": "provider[\"registry.terraform.io/hashicorp/aws\"]",
      "instances": [
        {
          "schema_version": 0,
          "attributes": {
            "arn": "arn:aws:ec2:eu-north-1:361769560846:route-table/rtb-083487ab5b481b097",
            "id": "rtb-083487ab5b481b097",
            "owner_id": "361769560846",
            "propagating_vgws": [],
            "region": "eu-north-1",
            "route": [
              {
                "carrier_gateway_id": "",
                "cidr_block": "0.0.0.0/0",
                "core_network_arn": "",
                "destination_prefix_list_id": "",
                "egress_only_gateway_id": "",
                "gateway_id": "",
                "ipv6_cidr_block": "",
                "local_gateway_id": "",
                "nat_gateway_id": "nat-0d9f21f3895a2beae",
                "network_interface_id": "",
                "transit_gateway_id": "",
                "vpc_endpoint_id": "",
                "vpc_peering_connection_id": ""
              }
            ],
            "tags": {
              "Name": "tf_private_route_table"
            },
            "tags_all": {
              "Name": "tf_private_route_table"
            },
            "timeouts": null,
            "vpc_id": "vpc-000fcf270b080943f"
          },
          "sensitive_attributes": [],
          "identity_schema_version": 0,
          "private": "eyJlMmJmYjczMC1lY2FhLTExZTYtOGY4OC0zNDM2M2JjN2M0YzAiOnsiY3JlYXRlIjozMDAwMDAwMDAwMDAsImRlbGV0ZSI6MzAwMDAwMDAwMDAwLCJ1cGRhdGUiOjEyMDAwMDAwMDAwMH19",
          "dependencies": [
            "aws_eip.tf_eip",
            "aws_internet_gateway.tf_igw",
            "aws_nat_gateway.tf_nat_gateway",
            "aws_subnet.tf_public_subnet-1",
            "aws_vpc.tf_vpc",
            "data.aws_availability_zones.available"
          ]
        }
      ]
    },
    {
      "mode": "managed",
      "type": "aws_route_table",
      "name": "tf_public_rt",
      "provider": "provider[\"registry.terraform.io/hashicorp/aws\"]",
      "instances": [
        {
          "schema_version": 0,
          "attributes": {
            "arn": "arn:aws:ec2:eu-north-1:361769560846:route-table/rtb-09146f6e22c391531",
            "id": "rtb-09146f6e22c391531",
            "owner_id": "361769560846",
            "propagating_vgws": [],
            "region": "eu-north-1",
            "route": [
              {
                "carrier_gateway_id": "",
                "cidr_block": "0.0.0.0/0",
                "core_network_arn": "",
                "destination_prefix_list_id": "",
                "egress_only_gateway_id": "",
                "gateway_id": "igw-02c831350d5e0905b",
                "ipv6_cidr_block": "",
                "local_gateway_id": "",
                "nat_gateway_id": "",
                "network_interface_id": "",
                "transit_gateway_id": "",
                "vpc_endpoint_id": "",
                "vpc_peering_connection_id": ""
              }
            ],
            "tags": {
              "Name": "tf_public_route_table"
            },
            "tags_all": {
              "Name": "tf_public_route_table"
            },
            "timeouts": null,
            "vpc_id": "vpc-000fcf270b080943f"
          },
          "sensitive_attributes": [],
          "identity_schema_version": 0,
          "private": "eyJlMmJmYjczMC1lY2FhLTExZTYtOGY4OC0zNDM2M2JjN2M0YzAiOnsiY3JlYXRlIjozMDAwMDAwMDAwMDAsImRlbGV0ZSI6MzAwMDAwMDAwMDAwLCJ1cGRhdGUiOjEyMDAwMDAwMDAwMH19",
          "dependencies": [
            "aws_internet_gateway.tf_igw",
            "aws_vpc.tf_vpc"
          ]
        }
      ]
    },
    {
      "mode": "managed",
      "type": "aws_route_table_association",
      "name": "tf_private_rt_assoc_1",
      "provider": "provider[\"registry.terraform.io/hashicorp/aws\"]",
      "instances": [
        {
          "schema_version": 0,
          "attributes": {
            "gateway_id": "",
            "id": "rtbassoc-0dc76d93ad78f7f9e",
            "region": "eu-north-1",
            "route_table_id": "rtb-083487ab5b481b097",
            "subnet_id": "subnet-019892f7c300dcaa8",
            "timeouts": null
          },
          "sensitive_attributes": [],
          "identity_schema_version": 0,
          "private": "eyJlMmJmYjczMC1lY2FhLTExZTYtOGY4OC0zNDM2M2JjN2M0YzAiOnsiY3JlYXRlIjozMDAwMDAwMDAwMDAsImRlbGV0ZSI6MzAwMDAwMDAwMDAwLCJ1cGRhdGUiOjEyMDAwMDAwMDAwMH19",
          "dependencies": [
            "aws_eip.tf_eip",
            "aws_internet_gateway.tf_igw",
            "aws_nat_gateway.tf_nat_gateway",
            "aws_route_table.tf_private_rt",
            "aws_subnet.tf_private_subnet-1",
            "aws_subnet.tf_public_subnet-1",
            "aws_vpc.tf_vpc",
            "data.aws_availability_zones.available"
          ]
        }
      ]
    },
    {
      "mode": "managed",
      "type": "aws_route_table_association",
      "name": "tf_private_rt_assoc_2",
      "provider": "provider[\"registry.terraform.io/hashicorp/aws\"]",
      "instances": [
        {
          "schema_version": 0,
          "attributes": {
            "gateway_id": "",
            "id": "rtbassoc-0b33f0907ad2491a5",
            "region": "eu-north-1",
            "route_table_id": "rtb-083487ab5b481b097",
            "subnet_id": "subnet-0ec9ad2a58f89c751",
            "timeouts": null
          },
          "sensitive_attributes": [],
          "identity_schema_version": 0,
          "private": "eyJlMmJmYjczMC1lY2FhLTExZTYtOGY4OC0zNDM2M2JjN2M0YzAiOnsiY3JlYXRlIjozMDAwMDAwMDAwMDAsImRlbGV0ZSI6MzAwMDAwMDAwMDAwLCJ1cGRhdGUiOjEyMDAwMDAwMDAwMH19",
          "dependencies": [
            "aws_eip.tf_eip",
            "aws_internet_gateway.tf_igw",
            "aws_nat_gateway.tf_nat_gateway",
            "aws_route_table.tf_private_rt",
            "aws_subnet.tf_private_subnet-2",
            "aws_subnet.tf_public_subnet-1",
            "aws_vpc.tf_vpc",
            "data.aws_availability_zones.available"
          ]
        }
      ]
    },
    {
      "mode": "managed",
      "type": "aws_route_table_association",
      "name": "tf_public_rt_assoc_1",
      "provider": "provider[\"registry.terraform.io/hashicorp/aws\"]",
      "instances": [
        {
          "schema_version": 0,
          "attributes": {
            "gateway_id": "",
            "id": "rtbassoc-065733c5e3520916d",
            "region": "eu-north-1",
            "route_table_id": "rtb-09146f6e22c391531",
            "subnet_id": "subnet-0bdd2dfab344b9a10",
            "timeouts": null
          },
          "sensitive_attributes": [],
          "identity_schema_version": 0,
          "private": "eyJlMmJmYjczMC1lY2FhLTExZTYtOGY4OC0zNDM2M2JjN2M0YzAiOnsiY3JlYXRlIjozMDAwMDAwMDAwMDAsImRlbGV0ZSI6MzAwMDAwMDAwMDAwLCJ1cGRhdGUiOjEyMDAwMDAwMDAwMH19",
          "dependencies": [
            "aws_internet_gateway.tf_igw",
            "aws_route_table.tf_public_rt",
            "aws_subnet.tf_public_subnet-1",
            "aws_vpc.tf_vpc",
            "data.aws_availability_zones.available"
          ]
        }
      ]
    },
    {
      "mode": "managed",
      "type": "aws_route_table_association",
      "name": "tf_public_rt_assoc_2",
      "provider": "provider[\"registry.terraform.io/hashicorp/aws\"]",
      "instances": [
        {
          "schema_version": 0,
          "attributes": {
            "gateway_id": "",
            "id": "rtbassoc-054ac5c45e46b39c8",
            "region": "eu-north-1",
            "route_table_id": "rtb-09146f6e22c391531",
            "subnet_id": "subnet-074618dd68750eb0e",
            "timeouts": null
          },
          "sensitive_attributes": [],
          "identity_schema_version": 0,
          "private": "eyJlMmJmYjczMC1lY2FhLTExZTYtOGY4OC0zNDM2M2JjN2M0YzAiOnsiY3JlYXRlIjozMDAwMDAwMDAwMDAsImRlbGV0ZSI6MzAwMDAwMDAwMDAwLCJ1cGRhdGUiOjEyMDAwMDAwMDAwMH19",
          "dependencies": [
            "aws_internet_gateway.tf_igw",
            "aws_route_table.tf_public_rt",
            "aws_subnet.tf_public_subnet-2",
            "aws_vpc.tf_vpc",
            "data.aws_availability_zones.available"
          ]
        }
      ]
    },
    {
      "mode": "managed",
      "type": "aws_subnet",
      "name": "tf_private_subnet-1",
      "provider": "provider[\"registry.terraform.io/hashicorp/aws\"]",
      "instances": [
        {
          "schema_version": 1,
          "attributes": {
            "arn": "arn:aws:ec2:eu-north-1:361769560846:subnet/subnet-019892f7c300dcaa8",
            "assign_ipv6_address_on_creation": false,
            "availability_zone": "eu-north-1a",
            "availability_zone_id": "eun1-az1",
            "cidr_block": "11.0.110.0/24",
            "customer_owned_ipv4_pool": "",
            "enable_dns64": false,
            "enable_lni_at_device_index": 0,
            "enable_resource_name_dns_a_record_on_launch": false,
            "enable_resource_name_dns_aaaa_record_on_launch": false,
            "id": "subnet-019892f7c300dcaa8",
            "ipv6_cidr_block": "",
            "ipv6_cidr_block_association_id": "",
            "ipv6_native": false,
            "map_customer_owned_ip_on_launch": false,
            "map_public_ip_on_launch": false,
            "outpost_arn": "",
            "owner_id": "361769560846",
            "private_dns_hostname_type_on_launch": "ip-name",
            "region": "eu-north-1",
            "tags": {
              "kubernetes": "eks-cluster",
              "terraform": "true"
            },
            "tags_all": {
              "kubernetes": "eks-cluster",
              "terraform": "true"
            },
            "timeouts": null,
            "vpc_id": "vpc-000fcf270b080943f"
          },
          "sensitive_attributes": [],
          "identity_schema_version": 0,
          "private": "eyJlMmJmYjczMC1lY2FhLTExZTYtOGY4OC0zNDM2M2JjN2M0YzAiOnsiY3JlYXRlIjo2MDAwMDAwMDAwMDAsImRlbGV0ZSI6MTIwMDAwMDAwMDAwMH0sInNjaGVtYV92ZXJzaW9uIjoiMSJ9",
          "dependencies": [
            "aws_vpc.tf_vpc",
            "data.aws_availability_zones.available"
          ]
        }
      ]
    },
    {
      "mode": "managed",
      "type": "aws_subnet",
      "name": "tf_private_subnet-2",
      "provider": "provider[\"registry.terraform.io/hashicorp/aws\"]",
      "instances": [
        {
          "schema_version": 1,
          "attributes": {
            "arn": "arn:aws:ec2:eu-north-1:361769560846:subnet/subnet-0ec9ad2a58f89c751",
            "assign_ipv6_address_on_creation": false,
            "availability_zone": "eu-north-1b",
            "availability_zone_id": "eun1-az2",
            "cidr_block": "11.0.120.0/24",
            "customer_owned_ipv4_pool": "",
            "enable_dns64": false,
            "enable_lni_at_device_index": 0,
            "enable_resource_name_dns_a_record_on_launch": false,
            "enable_resource_name_dns_aaaa_record_on_launch": false,
            "id": "subnet-0ec9ad2a58f89c751",
            "ipv6_cidr_block": "",
            "ipv6_cidr_block_association_id": "",
            "ipv6_native": false,
            "map_customer_owned_ip_on_launch": false,
            "map_public_ip_on_launch": false,
            "outpost_arn": "",
            "owner_id": "361769560846",
            "private_dns_hostname_type_on_launch": "ip-name",
            "region": "eu-north-1",
            "tags": {
              "kubernetes": "eks-cluster",
              "terraform": "true"
            },
            "tags_all": {
              "kubernetes": "eks-cluster",
              "terraform": "true"
            },
            "timeouts": null,
            "vpc_id": "vpc-000fcf270b080943f"
          },
          "sensitive_attributes": [],
          "identity_schema_version": 0,
          "private": "eyJlMmJmYjczMC1lY2FhLTExZTYtOGY4OC0zNDM2M2JjN2M0YzAiOnsiY3JlYXRlIjo2MDAwMDAwMDAwMDAsImRlbGV0ZSI6MTIwMDAwMDAwMDAwMH0sInNjaGVtYV92ZXJzaW9uIjoiMSJ9",
          "dependencies": [
            "aws_vpc.tf_vpc",
            "data.aws_availability_zones.available"
          ]
        }
      ]
    },
    {
      "mode": "managed",
      "type": "aws_subnet",
      "name": "tf_public_subnet-1",
      "provider": "provider[\"registry.terraform.io/hashicorp/aws\"]",
      "instances": [
        {
          "schema_version": 1,
          "attributes": {
            "arn": "arn:aws:ec2:eu-north-1:361769560846:subnet/subnet-0bdd2dfab344b9a10",
            "assign_ipv6_address_on_creation": false,
            "availability_zone": "eu-north-1a",
            "availability_zone_id": "eun1-az1",
            "cidr_block": "11.0.10.0/24",
            "customer_owned_ipv4_pool": "",
            "enable_dns64": false,
            "enable_lni_at_device_index": 0,
            "enable_resource_name_dns_a_record_on_launch": false,
            "enable_resource_name_dns_aaaa_record_on_launch": false,
            "id": "subnet-0bdd2dfab344b9a10",
            "ipv6_cidr_block": "",
            "ipv6_cidr_block_association_id": "",
            "ipv6_native": false,
            "map_customer_owned_ip_on_launch": false,
            "map_public_ip_on_launch": false,
            "outpost_arn": "",
            "owner_id": "361769560846",
            "private_dns_hostname_type_on_launch": "ip-name",
            "region": "eu-north-1",
            "tags": {
              "kubernetes": "eks-cluster",
              "terraform": "true"
            },
            "tags_all": {
              "kubernetes": "eks-cluster",
              "terraform": "true"
            },
            "timeouts": null,
            "vpc_id": "vpc-000fcf270b080943f"
          },
          "sensitive_attributes": [],
          "identity_schema_version": 0,
          "private": "eyJlMmJmYjczMC1lY2FhLTExZTYtOGY4OC0zNDM2M2JjN2M0YzAiOnsiY3JlYXRlIjo2MDAwMDAwMDAwMDAsImRlbGV0ZSI6MTIwMDAwMDAwMDAwMH0sInNjaGVtYV92ZXJzaW9uIjoiMSJ9",
          "dependencies": [
            "aws_vpc.tf_vpc",
            "data.aws_availability_zones.available"
          ]
        }
      ]
    },
    {
      "mode": "managed",
      "type": "aws_subnet",
      "name": "tf_public_subnet-2",
      "provider": "provider[\"registry.terraform.io/hashicorp/aws\"]",
      "instances": [
        {
          "schema_version": 1,
          "attributes": {
            "arn": "arn:aws:ec2:eu-north-1:361769560846:subnet/subnet-074618dd68750eb0e",
            "assign_ipv6_address_on_creation": false,
            "availability_zone": "eu-north-1b",
            "availability_zone_id": "eun1-az2",
            "cidr_block": "11.0.20.0/24",
            "customer_owned_ipv4_pool": "",
            "enable_dns64": false,
            "enable_lni_at_device_index": 0,
            "enable_resource_name_dns_a_record_on_launch": false,
            "enable_resource_name_dns_aaaa_record_on_launch": false,
            "id": "subnet-074618dd68750eb0e",
            "ipv6_cidr_block": "",
            "ipv6_cidr_block_association_id": "",
            "ipv6_native": false,
            "map_customer_owned_ip_on_launch": false,
            "map_public_ip_on_launch": false,
            "outpost_arn": "",
            "owner_id": "361769560846",
            "private_dns_hostname_type_on_launch": "ip-name",
            "region": "eu-north-1",
            "tags": {
              "kubernetes": "eks-cluster",
              "terraform": "true"
            },
            "tags_all": {
              "kubernetes": "eks-cluster",
              "terraform": "true"
            },
            "timeouts": null,
            "vpc_id": "vpc-000fcf270b080943f"
          },
          "sensitive_attributes": [],
          "identity_schema_version": 0,
          "private": "eyJlMmJmYjczMC1lY2FhLTExZTYtOGY4OC0zNDM2M2JjN2M0YzAiOnsiY3JlYXRlIjo2MDAwMDAwMDAwMDAsImRlbGV0ZSI6MTIwMDAwMDAwMDAwMH0sInNjaGVtYV92ZXJzaW9uIjoiMSJ9",
          "dependencies": [
            "aws_vpc.tf_vpc",
            "data.aws_availability_zones.available"
          ]
        }
      ]
    },
    {
      "mode": "managed",
      "type": "aws_vpc",
      "name": "tf_vpc",
      "provider": "provider[\"registry.terraform.io/hashicorp/aws\"]",
      "instances": [
        {
          "schema_version": 1,
          "attributes": {
            "arn": "arn:aws:ec2:eu-north-1:361769560846:vpc/vpc-000fcf270b080943f",
            "assign_generated_ipv6_cidr_block": false,
            "cidr_block": "11.0.0.0/16",
            "default_network_acl_id": "acl-0f60931a5434b652b",
            "default_route_table_id": "rtb-0f7404700f75a0ac7",
            "default_security_group_id": "sg-055afb37e998cb0e8",
            "dhcp_options_id": "dopt-00520131432e15987",
            "enable_dns_hostnames": true,
            "enable_dns_support": true,
            "enable_network_address_usage_metrics": false,
            "id": "vpc-000fcf270b080943f",
            "instance_tenancy": "default",
            "ipv4_ipam_pool_id": null,
            "ipv4_netmask_length": null,
            "ipv6_association_id": "",
            "ipv6_cidr_block": "",
            "ipv6_cidr_block_network_border_group": "",
            "ipv6_ipam_pool_id": "",
            "ipv6_netmask_length": 0,
            "main_route_table_id": "rtb-0f7404700f75a0ac7",
            "owner_id": "361769560846",
            "region": "eu-north-1",
            "tags": {
              "Name": "Eks VPC"
            },
            "tags_all": {
              "Name": "Eks VPC"
            }
          },
          "sensitive_attributes": [],
          "identity_schema_version": 0,
          "private": "eyJzY2hlbWFfdmVyc2lvbiI6IjEifQ=="
        }
      ]
    }
  ],
  "check_results": null
}
